// !$*UTF8*$!
{
	archiveVersion = 1;
	classes = {
	};
	objectVersion = 46;
	objects = {

/* Begin PBXBuildFile section */
		6B11154C1DC46D7000B43EAD /* HRDBTool.m in Sources */ = {isa = PBXBuildFile; fileRef = 6B11154B1DC46D7000B43EAD /* HRDBTool.m */; };
		6B1219671DC3236100CE9CBB /* UIView+hr_Extension.m in Sources */ = {isa = PBXBuildFile; fileRef = 6B1219661DC3236100CE9CBB /* UIView+hr_Extension.m */; };
		6B178E061D9A045500257D97 /* HRBaseVC.m in Sources */ = {isa = PBXBuildFile; fileRef = 6B178DF41D9A045500257D97 /* HRBaseVC.m */; };
		6B178E071D9A045500257D97 /* HRItemNC.m in Sources */ = {isa = PBXBuildFile; fileRef = 6B178DF61D9A045500257D97 /* HRItemNC.m */; };
		6B178E081D9A045500257D97 /* HRRootNC.m in Sources */ = {isa = PBXBuildFile; fileRef = 6B178DF81D9A045500257D97 /* HRRootNC.m */; };
		6B178E091D9A045500257D97 /* HRSideMenuVC.m in Sources */ = {isa = PBXBuildFile; fileRef = 6B178DFA1D9A045500257D97 /* HRSideMenuVC.m */; };
		6B178E0A1D9A045500257D97 /* HRTabVC.m in Sources */ = {isa = PBXBuildFile; fileRef = 6B178DFC1D9A045500257D97 /* HRTabVC.m */; };
		6B178E0B1D9A045500257D97 /* KKNavigationController.m in Sources */ = {isa = PBXBuildFile; fileRef = 6B178DFF1D9A045500257D97 /* KKNavigationController.m */; };
		6B178E0C1D9A045500257D97 /* bg_backBarButton_hight.png in Resources */ = {isa = PBXBuildFile; fileRef = 6B178E011D9A045500257D97 /* bg_backBarButton_hight.png */; };
		6B178E0D1D9A045500257D97 /* bg_backBarButton_hight@2x.png in Resources */ = {isa = PBXBuildFile; fileRef = 6B178E021D9A045500257D97 /* bg_backBarButton_hight@2x.png */; };
		6B178E0E1D9A045500257D97 /* bg_backBarButton_normal.png in Resources */ = {isa = PBXBuildFile; fileRef = 6B178E031D9A045500257D97 /* bg_backBarButton_normal.png */; };
		6B178E0F1D9A045500257D97 /* bg_backBarButton_normal@2x.png in Resources */ = {isa = PBXBuildFile; fileRef = 6B178E041D9A045500257D97 /* bg_backBarButton_normal@2x.png */; };
		6B178E101D9A045500257D97 /* Stars@2x.png in Resources */ = {isa = PBXBuildFile; fileRef = 6B178E051D9A045500257D97 /* Stars@2x.png */; };
		6B1A15201DC3AE95009F58CA /* UIImageView+hr_SDWeb.m in Sources */ = {isa = PBXBuildFile; fileRef = 6B1A151F1DC3AE95009F58CA /* UIImageView+hr_SDWeb.m */; };
		6B1D60851DC6D99F002C2EEB /* libWeChatSDK.a in Frameworks */ = {isa = PBXBuildFile; fileRef = 6B1D60801DC6D99F002C2EEB /* libWeChatSDK.a */; };
		6B1D60861DC6D99F002C2EEB /* README.txt in Resources */ = {isa = PBXBuildFile; fileRef = 6B1D60811DC6D99F002C2EEB /* README.txt */; };
		6B1D60871DC6D9F2002C2EEB /* SystemConfiguration.framework in Frameworks */ = {isa = PBXBuildFile; fileRef = 6B5F40CF1DBDEE060017B00A /* SystemConfiguration.framework */; };
		6B1D60891DC6DA19002C2EEB /* libsqlite3.0.tbd in Frameworks */ = {isa = PBXBuildFile; fileRef = 6B1D60881DC6DA19002C2EEB /* libsqlite3.0.tbd */; };
		6B1D608A1DC6DA2F002C2EEB /* libz.tbd in Frameworks */ = {isa = PBXBuildFile; fileRef = 6B5F40D91DBDEE440017B00A /* libz.tbd */; };
		6B1D608B1DC6DA35002C2EEB /* Security.framework in Frameworks */ = {isa = PBXBuildFile; fileRef = 6B5F40CB1DBDEDE60017B00A /* Security.framework */; };
		6B1D608C1DC6DA3F002C2EEB /* CoreTelephony.framework in Frameworks */ = {isa = PBXBuildFile; fileRef = 6B5F40D51DBDEE320017B00A /* CoreTelephony.framework */; };
		6B1D608E1DC6DA49002C2EEB /* CFNetwork.framework in Frameworks */ = {isa = PBXBuildFile; fileRef = 6B1D608D1DC6DA49002C2EEB /* CFNetwork.framework */; };
		6B36A5B51DC9919300DB09C1 /* NSString+hr_Extension.m in Sources */ = {isa = PBXBuildFile; fileRef = 6B36A5B41DC9919300DB09C1 /* NSString+hr_Extension.m */; };
		6B497EA11DC2357A00EC74E1 /* LDGridView.m in Sources */ = {isa = PBXBuildFile; fileRef = 6B497EA01DC2357A00EC74E1 /* LDGridView.m */; };
		6B5E40511DC1ADD1006E57D3 /* HRLayoutModel.m in Sources */ = {isa = PBXBuildFile; fileRef = 6B5E40501DC1ADD1006E57D3 /* HRLayoutModel.m */; };
		6B5E40531DC1B49A006E57D3 /* WeiBoVC.m in Sources */ = {isa = PBXBuildFile; fileRef = 6B5E40521DC1B49A006E57D3 /* WeiBoVC.m */; };
		6B5E405A1DC1BA22006E57D3 /* YYFPSLabel.m in Sources */ = {isa = PBXBuildFile; fileRef = 6B5E40591DC1BA22006E57D3 /* YYFPSLabel.m */; };
		6B5F40EB1DBE08010017B00A /* libc++.tbd in Frameworks */ = {isa = PBXBuildFile; fileRef = 6B5F40EA1DBE08010017B00A /* libc++.tbd */; };
		6BBE598A1DC0796C000511DC /* weibo_0.json in Resources */ = {isa = PBXBuildFile; fileRef = 6BBE597D1DC0796C000511DC /* weibo_0.json */; };
		6BBE598B1DC0796C000511DC /* weibo_1.json in Resources */ = {isa = PBXBuildFile; fileRef = 6BBE597E1DC0796C000511DC /* weibo_1.json */; };
		6BBE598C1DC0796C000511DC /* weibo_2.json in Resources */ = {isa = PBXBuildFile; fileRef = 6BBE597F1DC0796C000511DC /* weibo_2.json */; };
		6BBE598D1DC0796C000511DC /* weibo_3.json in Resources */ = {isa = PBXBuildFile; fileRef = 6BBE59801DC0796C000511DC /* weibo_3.json */; };
		6BBE598E1DC0796C000511DC /* weibo_4.json in Resources */ = {isa = PBXBuildFile; fileRef = 6BBE59811DC0796C000511DC /* weibo_4.json */; };
		6BBE598F1DC0796C000511DC /* weibo_5.json in Resources */ = {isa = PBXBuildFile; fileRef = 6BBE59821DC0796C000511DC /* weibo_5.json */; };
		6BBE59901DC0796C000511DC /* weibo_6.json in Resources */ = {isa = PBXBuildFile; fileRef = 6BBE59831DC0796C000511DC /* weibo_6.json */; };
		6BBE59911DC0796C000511DC /* weibo_7.json in Resources */ = {isa = PBXBuildFile; fileRef = 6BBE59841DC0796C000511DC /* weibo_7.json */; };
		6BBE59941DC0796C000511DC /* WeiBoVC.xib in Resources */ = {isa = PBXBuildFile; fileRef = 6BBE59891DC0796C000511DC /* WeiBoVC.xib */; };
		6BBE599A1DC07A62000511DC /* TencentOpenAPI.framework in Frameworks */ = {isa = PBXBuildFile; fileRef = 6BBE59981DC07A61000511DC /* TencentOpenAPI.framework */; };
		6BBE599B1DC07A62000511DC /* TencentOpenApi_IOS_Bundle.bundle in Resources */ = {isa = PBXBuildFile; fileRef = 6BBE59991DC07A62000511DC /* TencentOpenApi_IOS_Bundle.bundle */; };
		6BBE59A21DC081D2000511DC /* HRButton.m in Sources */ = {isa = PBXBuildFile; fileRef = 6BBE59A11DC081D2000511DC /* HRButton.m */; };
		6BBE59A51DC08548000511DC /* WBModel.m in Sources */ = {isa = PBXBuildFile; fileRef = 6BBE59A41DC08548000511DC /* WBModel.m */; };
		6BBE59A91DC089D8000511DC /* WBCell.m in Sources */ = {isa = PBXBuildFile; fileRef = 6BBE59A71DC089D8000511DC /* WBCell.m */; };
		6BBE59B21DC09923000511DC /* RegexKitLite.m in Sources */ = {isa = PBXBuildFile; fileRef = 6BBE59B11DC09923000511DC /* RegexKitLite.m */; settings = {COMPILER_FLAGS = "-fno-objc-arc"; }; };
		6BBE59B41DC0998B000511DC /* libicucore.tbd in Frameworks */ = {isa = PBXBuildFile; fileRef = 6BBE59B31DC0998B000511DC /* libicucore.tbd */; };
		6BC6771B1DE6E4E1006C80A6 /* HRTopBarViewController.m in Sources */ = {isa = PBXBuildFile; fileRef = 6BC6771A1DE6E4E1006C80A6 /* HRTopBarViewController.m */; };
		6BEE8B7B1DCAEB0E00FB7AC8 /* HRQQApiManager.m in Sources */ = {isa = PBXBuildFile; fileRef = 6BEE8B761DCAEB0E00FB7AC8 /* HRQQApiManager.m */; };
		6BEE8B7C1DCAEB0E00FB7AC8 /* HRSinaApiManager.m in Sources */ = {isa = PBXBuildFile; fileRef = 6BEE8B781DCAEB0E00FB7AC8 /* HRSinaApiManager.m */; };
		6BEE8B7D1DCAEB0E00FB7AC8 /* HRWChatApiManager.m in Sources */ = {isa = PBXBuildFile; fileRef = 6BEE8B7A1DCAEB0E00FB7AC8 /* HRWChatApiManager.m */; };
		6BEE8B841DCAEB5500FB7AC8 /* HRShareAlterViewVC.m in Sources */ = {isa = PBXBuildFile; fileRef = 6BEE8B7F1DCAEB5500FB7AC8 /* HRShareAlterViewVC.m */; };
		6BEE8B851DCAEB5500FB7AC8 /* HRShareAlterViewVC.xib in Resources */ = {isa = PBXBuildFile; fileRef = 6BEE8B801DCAEB5500FB7AC8 /* HRShareAlterViewVC.xib */; };
		6BEE8B861DCAEB5500FB7AC8 /* HRThirdAlterViewVC.m in Sources */ = {isa = PBXBuildFile; fileRef = 6BEE8B821DCAEB5500FB7AC8 /* HRThirdAlterViewVC.m */; };
		6BEE8B871DCAEB5500FB7AC8 /* HRThirdAlterViewVC.xib in Resources */ = {isa = PBXBuildFile; fileRef = 6BEE8B831DCAEB5500FB7AC8 /* HRThirdAlterViewVC.xib */; };
		6BF3A10A1D9913EA00583D4D /* main.m in Sources */ = {isa = PBXBuildFile; fileRef = 6BF3A1091D9913EA00583D4D /* main.m */; };
		6BF3A10D1D9913EA00583D4D /* AppDelegate.m in Sources */ = {isa = PBXBuildFile; fileRef = 6BF3A10C1D9913EA00583D4D /* AppDelegate.m */; };
		6BF3A1101D9913EA00583D4D /* ViewController.m in Sources */ = {isa = PBXBuildFile; fileRef = 6BF3A10F1D9913EA00583D4D /* ViewController.m */; };
		6BF3A1131D9913EA00583D4D /* Main.storyboard in Resources */ = {isa = PBXBuildFile; fileRef = 6BF3A1111D9913EA00583D4D /* Main.storyboard */; };
		6BF3A1151D9913EA00583D4D /* Assets.xcassets in Resources */ = {isa = PBXBuildFile; fileRef = 6BF3A1141D9913EA00583D4D /* Assets.xcassets */; };
		6BF3A1181D9913EA00583D4D /* LaunchScreen.storyboard in Resources */ = {isa = PBXBuildFile; fileRef = 6BF3A1161D9913EA00583D4D /* LaunchScreen.storyboard */; };
		6BF3A15A1D99141B00583D4D /* HRConst.m in Sources */ = {isa = PBXBuildFile; fileRef = 6BF3A1361D99141B00583D4D /* HRConst.m */; };
		6BF3A15B1D99141B00583D4D /* HRFunctionTool.m in Sources */ = {isa = PBXBuildFile; fileRef = 6BF3A1381D99141B00583D4D /* HRFunctionTool.m */; };
		6BF3A15C1D99141B00583D4D /* HRObject.m in Sources */ = {isa = PBXBuildFile; fileRef = 6BF3A13A1D99141B00583D4D /* HRObject.m */; };
		6BF3A15D1D99141B00583D4D /* HRHTTPManager.m in Sources */ = {isa = PBXBuildFile; fileRef = 6BF3A13D1D99141B00583D4D /* HRHTTPManager.m */; };
		6BF3A15E1D99141B00583D4D /* HRHTTPModel.m in Sources */ = {isa = PBXBuildFile; fileRef = 6BF3A13F1D99141B00583D4D /* HRHTTPModel.m */; };
		6BF3A15F1D99141B00583D4D /* HRHTTPTool.m in Sources */ = {isa = PBXBuildFile; fileRef = 6BF3A1411D99141B00583D4D /* HRHTTPTool.m */; };
		6BF3A1601D99141B00583D4D /* Item1.m in Sources */ = {isa = PBXBuildFile; fileRef = 6BF3A1431D99141B00583D4D /* Item1.m */; };
		6BF3A1611D99141B00583D4D /* Item2.m in Sources */ = {isa = PBXBuildFile; fileRef = 6BF3A1451D99141B00583D4D /* Item2.m */; };
		6BF3A1621D99141B00583D4D /* Item3.m in Sources */ = {isa = PBXBuildFile; fileRef = 6BF3A1471D99141B00583D4D /* Item3.m */; };
		6BF3A1631D99141B00583D4D /* Item3.xib in Resources */ = {isa = PBXBuildFile; fileRef = 6BF3A1481D99141B00583D4D /* Item3.xib */; };
		6BF3A1641D99141B00583D4D /* LeftVC.m in Sources */ = {isa = PBXBuildFile; fileRef = 6BF3A14A1D99141B00583D4D /* LeftVC.m */; };
		6BF3A1651D99141B00583D4D /* LeftVC.xib in Resources */ = {isa = PBXBuildFile; fileRef = 6BF3A14B1D99141B00583D4D /* LeftVC.xib */; };
		6BF3A1661D99141B00583D4D /* PushedVC.m in Sources */ = {isa = PBXBuildFile; fileRef = 6BF3A14D1D99141B00583D4D /* PushedVC.m */; };
		6BF3A1671D99141B00583D4D /* PushedVC.xib in Resources */ = {isa = PBXBuildFile; fileRef = 6BF3A14E1D99141B00583D4D /* PushedVC.xib */; };
		6BF3A16A1D99153600583D4D /* VIPCenterModel.m in Sources */ = {isa = PBXBuildFile; fileRef = 6BF3A1691D99153600583D4D /* VIPCenterModel.m */; };
		6BF3A16C1D99167D00583D4D /* text.json in Resources */ = {isa = PBXBuildFile; fileRef = 6BF3A16B1D99167D00583D4D /* text.json */; };
		A29DC417CE148A5DE0092CB0 /* libPods.a in Frameworks */ = {isa = PBXBuildFile; fileRef = F096903BDC4B84835F83EAB1 /* libPods.a */; };
/* End PBXBuildFile section */

/* Begin PBXFileReference section */
		6B11154A1DC46D7000B43EAD /* HRDBTool.h */ = {isa = PBXFileReference; fileEncoding = 4; lastKnownFileType = sourcecode.c.h; path = HRDBTool.h; sourceTree = "<group>"; };
		6B11154B1DC46D7000B43EAD /* HRDBTool.m */ = {isa = PBXFileReference; fileEncoding = 4; lastKnownFileType = sourcecode.c.objc; path = HRDBTool.m; sourceTree = "<group>"; };
		6B1219651DC3236100CE9CBB /* UIView+hr_Extension.h */ = {isa = PBXFileReference; fileEncoding = 4; lastKnownFileType = sourcecode.c.h; path = "UIView+hr_Extension.h"; sourceTree = "<group>"; };
		6B1219661DC3236100CE9CBB /* UIView+hr_Extension.m */ = {isa = PBXFileReference; fileEncoding = 4; lastKnownFileType = sourcecode.c.objc; path = "UIView+hr_Extension.m"; sourceTree = "<group>"; };
		6B178DF31D9A045500257D97 /* HRBaseVC.h */ = {isa = PBXFileReference; fileEncoding = 4; lastKnownFileType = sourcecode.c.h; path = HRBaseVC.h; sourceTree = "<group>"; };
		6B178DF41D9A045500257D97 /* HRBaseVC.m */ = {isa = PBXFileReference; fileEncoding = 4; lastKnownFileType = sourcecode.c.objc; path = HRBaseVC.m; sourceTree = "<group>"; };
		6B178DF51D9A045500257D97 /* HRItemNC.h */ = {isa = PBXFileReference; fileEncoding = 4; lastKnownFileType = sourcecode.c.h; path = HRItemNC.h; sourceTree = "<group>"; };
		6B178DF61D9A045500257D97 /* HRItemNC.m */ = {isa = PBXFileReference; fileEncoding = 4; lastKnownFileType = sourcecode.c.objc; path = HRItemNC.m; sourceTree = "<group>"; };
		6B178DF71D9A045500257D97 /* HRRootNC.h */ = {isa = PBXFileReference; fileEncoding = 4; lastKnownFileType = sourcecode.c.h; path = HRRootNC.h; sourceTree = "<group>"; };
		6B178DF81D9A045500257D97 /* HRRootNC.m */ = {isa = PBXFileReference; fileEncoding = 4; lastKnownFileType = sourcecode.c.objc; path = HRRootNC.m; sourceTree = "<group>"; };
		6B178DF91D9A045500257D97 /* HRSideMenuVC.h */ = {isa = PBXFileReference; fileEncoding = 4; lastKnownFileType = sourcecode.c.h; path = HRSideMenuVC.h; sourceTree = "<group>"; };
		6B178DFA1D9A045500257D97 /* HRSideMenuVC.m */ = {isa = PBXFileReference; fileEncoding = 4; lastKnownFileType = sourcecode.c.objc; path = HRSideMenuVC.m; sourceTree = "<group>"; };
		6B178DFB1D9A045500257D97 /* HRTabVC.h */ = {isa = PBXFileReference; fileEncoding = 4; lastKnownFileType = sourcecode.c.h; path = HRTabVC.h; sourceTree = "<group>"; };
		6B178DFC1D9A045500257D97 /* HRTabVC.m */ = {isa = PBXFileReference; fileEncoding = 4; lastKnownFileType = sourcecode.c.objc; path = HRTabVC.m; sourceTree = "<group>"; };
		6B178DFE1D9A045500257D97 /* KKNavigationController.h */ = {isa = PBXFileReference; fileEncoding = 4; lastKnownFileType = sourcecode.c.h; path = KKNavigationController.h; sourceTree = "<group>"; };
		6B178DFF1D9A045500257D97 /* KKNavigationController.m */ = {isa = PBXFileReference; fileEncoding = 4; lastKnownFileType = sourcecode.c.objc; path = KKNavigationController.m; sourceTree = "<group>"; };
		6B178E011D9A045500257D97 /* bg_backBarButton_hight.png */ = {isa = PBXFileReference; lastKnownFileType = image.png; path = bg_backBarButton_hight.png; sourceTree = "<group>"; };
		6B178E021D9A045500257D97 /* bg_backBarButton_hight@2x.png */ = {isa = PBXFileReference; lastKnownFileType = image.png; path = "bg_backBarButton_hight@2x.png"; sourceTree = "<group>"; };
		6B178E031D9A045500257D97 /* bg_backBarButton_normal.png */ = {isa = PBXFileReference; lastKnownFileType = image.png; path = bg_backBarButton_normal.png; sourceTree = "<group>"; };
		6B178E041D9A045500257D97 /* bg_backBarButton_normal@2x.png */ = {isa = PBXFileReference; lastKnownFileType = image.png; path = "bg_backBarButton_normal@2x.png"; sourceTree = "<group>"; };
		6B178E051D9A045500257D97 /* Stars@2x.png */ = {isa = PBXFileReference; lastKnownFileType = image.png; path = "Stars@2x.png"; sourceTree = "<group>"; };
		6B1A151E1DC3AE95009F58CA /* UIImageView+hr_SDWeb.h */ = {isa = PBXFileReference; fileEncoding = 4; lastKnownFileType = sourcecode.c.h; path = "UIImageView+hr_SDWeb.h"; sourceTree = "<group>"; };
		6B1A151F1DC3AE95009F58CA /* UIImageView+hr_SDWeb.m */ = {isa = PBXFileReference; fileEncoding = 4; lastKnownFileType = sourcecode.c.objc; path = "UIImageView+hr_SDWeb.m"; sourceTree = "<group>"; };
		6B1D60801DC6D99F002C2EEB /* libWeChatSDK.a */ = {isa = PBXFileReference; lastKnownFileType = archive.ar; path = libWeChatSDK.a; sourceTree = "<group>"; };
		6B1D60811DC6D99F002C2EEB /* README.txt */ = {isa = PBXFileReference; fileEncoding = 4; lastKnownFileType = text; path = README.txt; sourceTree = "<group>"; };
		6B1D60821DC6D99F002C2EEB /* WechatAuthSDK.h */ = {isa = PBXFileReference; fileEncoding = 4; lastKnownFileType = sourcecode.c.h; path = WechatAuthSDK.h; sourceTree = "<group>"; };
		6B1D60831DC6D99F002C2EEB /* WXApi.h */ = {isa = PBXFileReference; fileEncoding = 4; lastKnownFileType = sourcecode.c.h; path = WXApi.h; sourceTree = "<group>"; };
		6B1D60841DC6D99F002C2EEB /* WXApiObject.h */ = {isa = PBXFileReference; fileEncoding = 4; lastKnownFileType = sourcecode.c.h; path = WXApiObject.h; sourceTree = "<group>"; };
		6B1D60881DC6DA19002C2EEB /* libsqlite3.0.tbd */ = {isa = PBXFileReference; lastKnownFileType = "sourcecode.text-based-dylib-definition"; name = libsqlite3.0.tbd; path = usr/lib/libsqlite3.0.tbd; sourceTree = SDKROOT; };
		6B1D608D1DC6DA49002C2EEB /* CFNetwork.framework */ = {isa = PBXFileReference; lastKnownFileType = wrapper.framework; name = CFNetwork.framework; path = System/Library/Frameworks/CFNetwork.framework; sourceTree = SDKROOT; };
		6B36A5B31DC9919300DB09C1 /* NSString+hr_Extension.h */ = {isa = PBXFileReference; fileEncoding = 4; lastKnownFileType = sourcecode.c.h; path = "NSString+hr_Extension.h"; sourceTree = "<group>"; };
		6B36A5B41DC9919300DB09C1 /* NSString+hr_Extension.m */ = {isa = PBXFileReference; fileEncoding = 4; lastKnownFileType = sourcecode.c.objc; path = "NSString+hr_Extension.m"; sourceTree = "<group>"; };
		6B497E9F1DC2357A00EC74E1 /* LDGridView.h */ = {isa = PBXFileReference; fileEncoding = 4; lastKnownFileType = sourcecode.c.h; path = LDGridView.h; sourceTree = "<group>"; };
		6B497EA01DC2357A00EC74E1 /* LDGridView.m */ = {isa = PBXFileReference; fileEncoding = 4; lastKnownFileType = sourcecode.c.objc; path = LDGridView.m; sourceTree = "<group>"; };
		6B5E404F1DC1ADD1006E57D3 /* HRLayoutModel.h */ = {isa = PBXFileReference; fileEncoding = 4; lastKnownFileType = sourcecode.c.h; path = HRLayoutModel.h; sourceTree = "<group>"; };
		6B5E40501DC1ADD1006E57D3 /* HRLayoutModel.m */ = {isa = PBXFileReference; fileEncoding = 4; lastKnownFileType = sourcecode.c.objc; path = HRLayoutModel.m; sourceTree = "<group>"; };
		6B5E40521DC1B49A006E57D3 /* WeiBoVC.m */ = {isa = PBXFileReference; fileEncoding = 4; lastKnownFileType = sourcecode.c.objc; path = WeiBoVC.m; sourceTree = "<group>"; };
		6B5E40581DC1BA22006E57D3 /* YYFPSLabel.h */ = {isa = PBXFileReference; fileEncoding = 4; lastKnownFileType = sourcecode.c.h; path = YYFPSLabel.h; sourceTree = "<group>"; };
		6B5E40591DC1BA22006E57D3 /* YYFPSLabel.m */ = {isa = PBXFileReference; fileEncoding = 4; lastKnownFileType = sourcecode.c.objc; path = YYFPSLabel.m; sourceTree = "<group>"; };
		6B5F40CB1DBDEDE60017B00A /* Security.framework */ = {isa = PBXFileReference; lastKnownFileType = wrapper.framework; name = Security.framework; path = System/Library/Frameworks/Security.framework; sourceTree = SDKROOT; };
		6B5F40CD1DBDEDFA0017B00A /* libiconv.tbd */ = {isa = PBXFileReference; lastKnownFileType = "sourcecode.text-based-dylib-definition"; name = libiconv.tbd; path = usr/lib/libiconv.tbd; sourceTree = SDKROOT; };
		6B5F40CF1DBDEE060017B00A /* SystemConfiguration.framework */ = {isa = PBXFileReference; lastKnownFileType = wrapper.framework; name = SystemConfiguration.framework; path = System/Library/Frameworks/SystemConfiguration.framework; sourceTree = SDKROOT; };
		6B5F40D11DBDEE130017B00A /* CoreGraphics.framework */ = {isa = PBXFileReference; lastKnownFileType = wrapper.framework; name = CoreGraphics.framework; path = System/Library/Frameworks/CoreGraphics.framework; sourceTree = SDKROOT; };
		6B5F40D31DBDEE230017B00A /* libsqlite3.tbd */ = {isa = PBXFileReference; lastKnownFileType = "sourcecode.text-based-dylib-definition"; name = libsqlite3.tbd; path = usr/lib/libsqlite3.tbd; sourceTree = SDKROOT; };
		6B5F40D51DBDEE320017B00A /* CoreTelephony.framework */ = {isa = PBXFileReference; lastKnownFileType = wrapper.framework; name = CoreTelephony.framework; path = System/Library/Frameworks/CoreTelephony.framework; sourceTree = SDKROOT; };
		6B5F40D71DBDEE3A0017B00A /* libstdc++.tbd */ = {isa = PBXFileReference; lastKnownFileType = "sourcecode.text-based-dylib-definition"; name = "libstdc++.tbd"; path = "usr/lib/libstdc++.tbd"; sourceTree = SDKROOT; };
		6B5F40D91DBDEE440017B00A /* libz.tbd */ = {isa = PBXFileReference; lastKnownFileType = "sourcecode.text-based-dylib-definition"; name = libz.tbd; path = usr/lib/libz.tbd; sourceTree = SDKROOT; };
		6B5F40EA1DBE08010017B00A /* libc++.tbd */ = {isa = PBXFileReference; lastKnownFileType = "sourcecode.text-based-dylib-definition"; name = "libc++.tbd"; path = "usr/lib/libc++.tbd"; sourceTree = SDKROOT; };
		6BBE597D1DC0796C000511DC /* weibo_0.json */ = {isa = PBXFileReference; fileEncoding = 4; lastKnownFileType = text.json; path = weibo_0.json; sourceTree = "<group>"; };
		6BBE597E1DC0796C000511DC /* weibo_1.json */ = {isa = PBXFileReference; fileEncoding = 4; lastKnownFileType = text.json; path = weibo_1.json; sourceTree = "<group>"; };
		6BBE597F1DC0796C000511DC /* weibo_2.json */ = {isa = PBXFileReference; fileEncoding = 4; lastKnownFileType = text.json; path = weibo_2.json; sourceTree = "<group>"; };
		6BBE59801DC0796C000511DC /* weibo_3.json */ = {isa = PBXFileReference; fileEncoding = 4; lastKnownFileType = text.json; path = weibo_3.json; sourceTree = "<group>"; };
		6BBE59811DC0796C000511DC /* weibo_4.json */ = {isa = PBXFileReference; fileEncoding = 4; lastKnownFileType = text.json; path = weibo_4.json; sourceTree = "<group>"; };
		6BBE59821DC0796C000511DC /* weibo_5.json */ = {isa = PBXFileReference; fileEncoding = 4; lastKnownFileType = text.json; path = weibo_5.json; sourceTree = "<group>"; };
		6BBE59831DC0796C000511DC /* weibo_6.json */ = {isa = PBXFileReference; fileEncoding = 4; lastKnownFileType = text.json; path = weibo_6.json; sourceTree = "<group>"; };
		6BBE59841DC0796C000511DC /* weibo_7.json */ = {isa = PBXFileReference; fileEncoding = 4; lastKnownFileType = text.json; path = weibo_7.json; sourceTree = "<group>"; };
		6BBE59871DC0796C000511DC /* WeiBoVC.h */ = {isa = PBXFileReference; fileEncoding = 4; lastKnownFileType = sourcecode.c.h; path = WeiBoVC.h; sourceTree = "<group>"; };
		6BBE59891DC0796C000511DC /* WeiBoVC.xib */ = {isa = PBXFileReference; fileEncoding = 4; lastKnownFileType = file.xib; path = WeiBoVC.xib; sourceTree = "<group>"; };
		6BBE59981DC07A61000511DC /* TencentOpenAPI.framework */ = {isa = PBXFileReference; lastKnownFileType = wrapper.framework; path = TencentOpenAPI.framework; sourceTree = "<group>"; };
		6BBE59991DC07A62000511DC /* TencentOpenApi_IOS_Bundle.bundle */ = {isa = PBXFileReference; lastKnownFileType = "wrapper.plug-in"; path = TencentOpenApi_IOS_Bundle.bundle; sourceTree = "<group>"; };
		6BBE59A01DC081D2000511DC /* HRButton.h */ = {isa = PBXFileReference; fileEncoding = 4; lastKnownFileType = sourcecode.c.h; path = HRButton.h; sourceTree = "<group>"; };
		6BBE59A11DC081D2000511DC /* HRButton.m */ = {isa = PBXFileReference; fileEncoding = 4; lastKnownFileType = sourcecode.c.objc; path = HRButton.m; sourceTree = "<group>"; };
		6BBE59A31DC08548000511DC /* WBModel.h */ = {isa = PBXFileReference; fileEncoding = 4; lastKnownFileType = sourcecode.c.h; path = WBModel.h; sourceTree = "<group>"; };
		6BBE59A41DC08548000511DC /* WBModel.m */ = {isa = PBXFileReference; fileEncoding = 4; lastKnownFileType = sourcecode.c.objc; path = WBModel.m; sourceTree = "<group>"; };
		6BBE59A61DC089D8000511DC /* WBCell.h */ = {isa = PBXFileReference; fileEncoding = 4; lastKnownFileType = sourcecode.c.h; path = WBCell.h; sourceTree = "<group>"; };
		6BBE59A71DC089D8000511DC /* WBCell.m */ = {isa = PBXFileReference; fileEncoding = 4; lastKnownFileType = sourcecode.c.objc; path = WBCell.m; sourceTree = "<group>"; };
		6BBE59B01DC09923000511DC /* RegexKitLite.h */ = {isa = PBXFileReference; fileEncoding = 4; lastKnownFileType = sourcecode.c.h; path = RegexKitLite.h; sourceTree = "<group>"; };
		6BBE59B11DC09923000511DC /* RegexKitLite.m */ = {isa = PBXFileReference; fileEncoding = 4; lastKnownFileType = sourcecode.c.objc; path = RegexKitLite.m; sourceTree = "<group>"; };
		6BBE59B31DC0998B000511DC /* libicucore.tbd */ = {isa = PBXFileReference; lastKnownFileType = "sourcecode.text-based-dylib-definition"; name = libicucore.tbd; path = usr/lib/libicucore.tbd; sourceTree = SDKROOT; };
		6BC677191DE6E4E1006C80A6 /* HRTopBarViewController.h */ = {isa = PBXFileReference; fileEncoding = 4; lastKnownFileType = sourcecode.c.h; path = HRTopBarViewController.h; sourceTree = "<group>"; };
		6BC6771A1DE6E4E1006C80A6 /* HRTopBarViewController.m */ = {isa = PBXFileReference; fileEncoding = 4; lastKnownFileType = sourcecode.c.objc; path = HRTopBarViewController.m; sourceTree = "<group>"; };
		6BEE8B751DCAEB0E00FB7AC8 /* HRQQApiManager.h */ = {isa = PBXFileReference; fileEncoding = 4; lastKnownFileType = sourcecode.c.h; path = HRQQApiManager.h; sourceTree = "<group>"; };
		6BEE8B761DCAEB0E00FB7AC8 /* HRQQApiManager.m */ = {isa = PBXFileReference; fileEncoding = 4; lastKnownFileType = sourcecode.c.objc; path = HRQQApiManager.m; sourceTree = "<group>"; };
		6BEE8B771DCAEB0E00FB7AC8 /* HRSinaApiManager.h */ = {isa = PBXFileReference; fileEncoding = 4; lastKnownFileType = sourcecode.c.h; path = HRSinaApiManager.h; sourceTree = "<group>"; };
		6BEE8B781DCAEB0E00FB7AC8 /* HRSinaApiManager.m */ = {isa = PBXFileReference; fileEncoding = 4; lastKnownFileType = sourcecode.c.objc; path = HRSinaApiManager.m; sourceTree = "<group>"; };
		6BEE8B791DCAEB0E00FB7AC8 /* HRWChatApiManager.h */ = {isa = PBXFileReference; fileEncoding = 4; lastKnownFileType = sourcecode.c.h; path = HRWChatApiManager.h; sourceTree = "<group>"; };
		6BEE8B7A1DCAEB0E00FB7AC8 /* HRWChatApiManager.m */ = {isa = PBXFileReference; fileEncoding = 4; lastKnownFileType = sourcecode.c.objc; path = HRWChatApiManager.m; sourceTree = "<group>"; };
		6BEE8B7E1DCAEB5500FB7AC8 /* HRShareAlterViewVC.h */ = {isa = PBXFileReference; fileEncoding = 4; lastKnownFileType = sourcecode.c.h; path = HRShareAlterViewVC.h; sourceTree = "<group>"; };
		6BEE8B7F1DCAEB5500FB7AC8 /* HRShareAlterViewVC.m */ = {isa = PBXFileReference; fileEncoding = 4; lastKnownFileType = sourcecode.c.objc; path = HRShareAlterViewVC.m; sourceTree = "<group>"; };
		6BEE8B801DCAEB5500FB7AC8 /* HRShareAlterViewVC.xib */ = {isa = PBXFileReference; fileEncoding = 4; lastKnownFileType = file.xib; path = HRShareAlterViewVC.xib; sourceTree = "<group>"; };
		6BEE8B811DCAEB5500FB7AC8 /* HRThirdAlterViewVC.h */ = {isa = PBXFileReference; fileEncoding = 4; lastKnownFileType = sourcecode.c.h; path = HRThirdAlterViewVC.h; sourceTree = "<group>"; };
		6BEE8B821DCAEB5500FB7AC8 /* HRThirdAlterViewVC.m */ = {isa = PBXFileReference; fileEncoding = 4; lastKnownFileType = sourcecode.c.objc; path = HRThirdAlterViewVC.m; sourceTree = "<group>"; };
		6BEE8B831DCAEB5500FB7AC8 /* HRThirdAlterViewVC.xib */ = {isa = PBXFileReference; fileEncoding = 4; lastKnownFileType = file.xib; path = HRThirdAlterViewVC.xib; sourceTree = "<group>"; };
		6BF3A1051D9913EA00583D4D /* NiceProject.app */ = {isa = PBXFileReference; explicitFileType = wrapper.application; includeInIndex = 0; path = NiceProject.app; sourceTree = BUILT_PRODUCTS_DIR; };
		6BF3A1091D9913EA00583D4D /* main.m */ = {isa = PBXFileReference; lastKnownFileType = sourcecode.c.objc; path = main.m; sourceTree = "<group>"; };
		6BF3A10B1D9913EA00583D4D /* AppDelegate.h */ = {isa = PBXFileReference; lastKnownFileType = sourcecode.c.h; path = AppDelegate.h; sourceTree = "<group>"; };
		6BF3A10C1D9913EA00583D4D /* AppDelegate.m */ = {isa = PBXFileReference; lastKnownFileType = sourcecode.c.objc; path = AppDelegate.m; sourceTree = "<group>"; };
		6BF3A10E1D9913EA00583D4D /* ViewController.h */ = {isa = PBXFileReference; lastKnownFileType = sourcecode.c.h; path = ViewController.h; sourceTree = "<group>"; };
		6BF3A10F1D9913EA00583D4D /* ViewController.m */ = {isa = PBXFileReference; lastKnownFileType = sourcecode.c.objc; path = ViewController.m; sourceTree = "<group>"; };
		6BF3A1121D9913EA00583D4D /* Base */ = {isa = PBXFileReference; lastKnownFileType = file.storyboard; name = Base; path = Base.lproj/Main.storyboard; sourceTree = "<group>"; };
		6BF3A1141D9913EA00583D4D /* Assets.xcassets */ = {isa = PBXFileReference; lastKnownFileType = folder.assetcatalog; path = Assets.xcassets; sourceTree = "<group>"; };
		6BF3A1171D9913EA00583D4D /* Base */ = {isa = PBXFileReference; lastKnownFileType = file.storyboard; name = Base; path = Base.lproj/LaunchScreen.storyboard; sourceTree = "<group>"; };
		6BF3A1191D9913EA00583D4D /* Info.plist */ = {isa = PBXFileReference; lastKnownFileType = text.plist.xml; path = Info.plist; sourceTree = "<group>"; };
		6BF3A1351D99141B00583D4D /* HRConst.h */ = {isa = PBXFileReference; fileEncoding = 4; lastKnownFileType = sourcecode.c.h; path = HRConst.h; sourceTree = "<group>"; };
		6BF3A1361D99141B00583D4D /* HRConst.m */ = {isa = PBXFileReference; fileEncoding = 4; lastKnownFileType = sourcecode.c.objc; path = HRConst.m; sourceTree = "<group>"; };
		6BF3A1371D99141B00583D4D /* HRFunctionTool.h */ = {isa = PBXFileReference; fileEncoding = 4; lastKnownFileType = sourcecode.c.h; path = HRFunctionTool.h; sourceTree = "<group>"; };
		6BF3A1381D99141B00583D4D /* HRFunctionTool.m */ = {isa = PBXFileReference; fileEncoding = 4; lastKnownFileType = sourcecode.c.objc; path = HRFunctionTool.m; sourceTree = "<group>"; };
		6BF3A1391D99141B00583D4D /* HRObject.h */ = {isa = PBXFileReference; fileEncoding = 4; lastKnownFileType = sourcecode.c.h; path = HRObject.h; sourceTree = "<group>"; };
		6BF3A13A1D99141B00583D4D /* HRObject.m */ = {isa = PBXFileReference; fileEncoding = 4; lastKnownFileType = sourcecode.c.objc; path = HRObject.m; sourceTree = "<group>"; };
		6BF3A13C1D99141B00583D4D /* HRHTTPManager.h */ = {isa = PBXFileReference; fileEncoding = 4; lastKnownFileType = sourcecode.c.h; path = HRHTTPManager.h; sourceTree = "<group>"; };
		6BF3A13D1D99141B00583D4D /* HRHTTPManager.m */ = {isa = PBXFileReference; fileEncoding = 4; lastKnownFileType = sourcecode.c.objc; path = HRHTTPManager.m; sourceTree = "<group>"; };
		6BF3A13E1D99141B00583D4D /* HRHTTPModel.h */ = {isa = PBXFileReference; fileEncoding = 4; lastKnownFileType = sourcecode.c.h; path = HRHTTPModel.h; sourceTree = "<group>"; };
		6BF3A13F1D99141B00583D4D /* HRHTTPModel.m */ = {isa = PBXFileReference; fileEncoding = 4; lastKnownFileType = sourcecode.c.objc; path = HRHTTPModel.m; sourceTree = "<group>"; };
		6BF3A1401D99141B00583D4D /* HRHTTPTool.h */ = {isa = PBXFileReference; fileEncoding = 4; lastKnownFileType = sourcecode.c.h; path = HRHTTPTool.h; sourceTree = "<group>"; };
		6BF3A1411D99141B00583D4D /* HRHTTPTool.m */ = {isa = PBXFileReference; fileEncoding = 4; lastKnownFileType = sourcecode.c.objc; path = HRHTTPTool.m; sourceTree = "<group>"; };
		6BF3A1421D99141B00583D4D /* Item1.h */ = {isa = PBXFileReference; fileEncoding = 4; lastKnownFileType = sourcecode.c.h; path = Item1.h; sourceTree = "<group>"; };
		6BF3A1431D99141B00583D4D /* Item1.m */ = {isa = PBXFileReference; fileEncoding = 4; lastKnownFileType = sourcecode.c.objc; path = Item1.m; sourceTree = "<group>"; };
		6BF3A1441D99141B00583D4D /* Item2.h */ = {isa = PBXFileReference; fileEncoding = 4; lastKnownFileType = sourcecode.c.h; path = Item2.h; sourceTree = "<group>"; };
		6BF3A1451D99141B00583D4D /* Item2.m */ = {isa = PBXFileReference; fileEncoding = 4; lastKnownFileType = sourcecode.c.objc; path = Item2.m; sourceTree = "<group>"; };
		6BF3A1461D99141B00583D4D /* Item3.h */ = {isa = PBXFileReference; fileEncoding = 4; lastKnownFileType = sourcecode.c.h; path = Item3.h; sourceTree = "<group>"; };
		6BF3A1471D99141B00583D4D /* Item3.m */ = {isa = PBXFileReference; fileEncoding = 4; lastKnownFileType = sourcecode.c.objc; path = Item3.m; sourceTree = "<group>"; };
		6BF3A1481D99141B00583D4D /* Item3.xib */ = {isa = PBXFileReference; fileEncoding = 4; lastKnownFileType = file.xib; path = Item3.xib; sourceTree = "<group>"; };
		6BF3A1491D99141B00583D4D /* LeftVC.h */ = {isa = PBXFileReference; fileEncoding = 4; lastKnownFileType = sourcecode.c.h; path = LeftVC.h; sourceTree = "<group>"; };
		6BF3A14A1D99141B00583D4D /* LeftVC.m */ = {isa = PBXFileReference; fileEncoding = 4; lastKnownFileType = sourcecode.c.objc; path = LeftVC.m; sourceTree = "<group>"; };
		6BF3A14B1D99141B00583D4D /* LeftVC.xib */ = {isa = PBXFileReference; fileEncoding = 4; lastKnownFileType = file.xib; path = LeftVC.xib; sourceTree = "<group>"; };
		6BF3A14C1D99141B00583D4D /* PushedVC.h */ = {isa = PBXFileReference; fileEncoding = 4; lastKnownFileType = sourcecode.c.h; path = PushedVC.h; sourceTree = "<group>"; };
		6BF3A14D1D99141B00583D4D /* PushedVC.m */ = {isa = PBXFileReference; fileEncoding = 4; lastKnownFileType = sourcecode.c.objc; path = PushedVC.m; sourceTree = "<group>"; };
		6BF3A14E1D99141B00583D4D /* PushedVC.xib */ = {isa = PBXFileReference; fileEncoding = 4; lastKnownFileType = file.xib; path = PushedVC.xib; sourceTree = "<group>"; };
		6BF3A1681D99153600583D4D /* VIPCenterModel.h */ = {isa = PBXFileReference; fileEncoding = 4; lastKnownFileType = sourcecode.c.h; path = VIPCenterModel.h; sourceTree = "<group>"; };
		6BF3A1691D99153600583D4D /* VIPCenterModel.m */ = {isa = PBXFileReference; fileEncoding = 4; lastKnownFileType = sourcecode.c.objc; path = VIPCenterModel.m; sourceTree = "<group>"; };
		6BF3A16B1D99167D00583D4D /* text.json */ = {isa = PBXFileReference; fileEncoding = 4; lastKnownFileType = text.json; path = text.json; sourceTree = "<group>"; };
		84BFBFDEE8AD871EDCC6BADC /* Pods.release.xcconfig */ = {isa = PBXFileReference; includeInIndex = 1; lastKnownFileType = text.xcconfig; name = Pods.release.xcconfig; path = "Pods/Target Support Files/Pods/Pods.release.xcconfig"; sourceTree = "<group>"; };
		BADD2FC4A99C5F74117BBAEB /* Pods.debug.xcconfig */ = {isa = PBXFileReference; includeInIndex = 1; lastKnownFileType = text.xcconfig; name = Pods.debug.xcconfig; path = "Pods/Target Support Files/Pods/Pods.debug.xcconfig"; sourceTree = "<group>"; };
		F096903BDC4B84835F83EAB1 /* libPods.a */ = {isa = PBXFileReference; explicitFileType = archive.ar; includeInIndex = 0; path = libPods.a; sourceTree = BUILT_PRODUCTS_DIR; };
/* End PBXFileReference section */

/* Begin PBXFrameworksBuildPhase section */
		6BF3A1021D9913EA00583D4D /* Frameworks */ = {
			isa = PBXFrameworksBuildPhase;
			buildActionMask = 2147483647;
			files = (
				6B1D608E1DC6DA49002C2EEB /* CFNetwork.framework in Frameworks */,
				6B1D608C1DC6DA3F002C2EEB /* CoreTelephony.framework in Frameworks */,
				6B1D608B1DC6DA35002C2EEB /* Security.framework in Frameworks */,
				6B1D608A1DC6DA2F002C2EEB /* libz.tbd in Frameworks */,
				6B5F40EB1DBE08010017B00A /* libc++.tbd in Frameworks */,
				6B1D60891DC6DA19002C2EEB /* libsqlite3.0.tbd in Frameworks */,
				6B1D60871DC6D9F2002C2EEB /* SystemConfiguration.framework in Frameworks */,
				6BBE59B41DC0998B000511DC /* libicucore.tbd in Frameworks */,
				6BBE599A1DC07A62000511DC /* TencentOpenAPI.framework in Frameworks */,
				A29DC417CE148A5DE0092CB0 /* libPods.a in Frameworks */,
				6B1D60851DC6D99F002C2EEB /* libWeChatSDK.a in Frameworks */,
			);
			runOnlyForDeploymentPostprocessing = 0;
		};
/* End PBXFrameworksBuildPhase section */

/* Begin PBXGroup section */
		6B1219611DC3231D00CE9CBB /* Category */ = {
			isa = PBXGroup;
			children = (
				6B1219651DC3236100CE9CBB /* UIView+hr_Extension.h */,
				6B1219661DC3236100CE9CBB /* UIView+hr_Extension.m */,
				6B1A151E1DC3AE95009F58CA /* UIImageView+hr_SDWeb.h */,
				6B1A151F1DC3AE95009F58CA /* UIImageView+hr_SDWeb.m */,
				6B36A5B31DC9919300DB09C1 /* NSString+hr_Extension.h */,
				6B36A5B41DC9919300DB09C1 /* NSString+hr_Extension.m */,
			);
			path = Category;
			sourceTree = "<group>";
		};
		6B178DF21D9A045500257D97 /* Base */ = {
			isa = PBXGroup;
			children = (
				6B178DF31D9A045500257D97 /* HRBaseVC.h */,
				6B178DF41D9A045500257D97 /* HRBaseVC.m */,
				6B178DF51D9A045500257D97 /* HRItemNC.h */,
				6B178DF61D9A045500257D97 /* HRItemNC.m */,
				6B178DF71D9A045500257D97 /* HRRootNC.h */,
				6B178DF81D9A045500257D97 /* HRRootNC.m */,
				6B178DF91D9A045500257D97 /* HRSideMenuVC.h */,
				6B178DFA1D9A045500257D97 /* HRSideMenuVC.m */,
				6B178DFB1D9A045500257D97 /* HRTabVC.h */,
				6B178DFC1D9A045500257D97 /* HRTabVC.m */,
				6B178DFD1D9A045500257D97 /* KKNavigationController */,
				6B178E001D9A045500257D97 /* source */,
			);
			path = Base;
			sourceTree = "<group>";
		};
		6B178DFD1D9A045500257D97 /* KKNavigationController */ = {
			isa = PBXGroup;
			children = (
				6B178DFE1D9A045500257D97 /* KKNavigationController.h */,
				6B178DFF1D9A045500257D97 /* KKNavigationController.m */,
			);
			path = KKNavigationController;
			sourceTree = "<group>";
		};
		6B178E001D9A045500257D97 /* source */ = {
			isa = PBXGroup;
			children = (
				6B178E011D9A045500257D97 /* bg_backBarButton_hight.png */,
				6B178E021D9A045500257D97 /* bg_backBarButton_hight@2x.png */,
				6B178E031D9A045500257D97 /* bg_backBarButton_normal.png */,
				6B178E041D9A045500257D97 /* bg_backBarButton_normal@2x.png */,
				6B178E051D9A045500257D97 /* Stars@2x.png */,
			);
			path = source;
			sourceTree = "<group>";
		};
		6B1D607F1DC6D99F002C2EEB /* WeChatSDK */ = {
			isa = PBXGroup;
			children = (
				6B1D60801DC6D99F002C2EEB /* libWeChatSDK.a */,
				6B1D60811DC6D99F002C2EEB /* README.txt */,
				6B1D60821DC6D99F002C2EEB /* WechatAuthSDK.h */,
				6B1D60831DC6D99F002C2EEB /* WXApi.h */,
				6B1D60841DC6D99F002C2EEB /* WXApiObject.h */,
			);
			path = WeChatSDK;
			sourceTree = "<group>";
		};
		6BA5ECBD1DD2C2580076585F /* HRTopBar */ = {
			isa = PBXGroup;
			children = (
				6BC677191DE6E4E1006C80A6 /* HRTopBarViewController.h */,
				6BC6771A1DE6E4E1006C80A6 /* HRTopBarViewController.m */,
			);
			path = HRTopBar;
			sourceTree = "<group>";
		};
		6BBE597B1DC0796C000511DC /* weibo */ = {
			isa = PBXGroup;
			children = (
				6BBE597C1DC0796C000511DC /* JsonDada */,
				6BBE59A31DC08548000511DC /* WBModel.h */,
				6BBE59A41DC08548000511DC /* WBModel.m */,
				6B5E404F1DC1ADD1006E57D3 /* HRLayoutModel.h */,
				6B5E40501DC1ADD1006E57D3 /* HRLayoutModel.m */,
				6BBE59A61DC089D8000511DC /* WBCell.h */,
				6BBE59A71DC089D8000511DC /* WBCell.m */,
				6BBE59871DC0796C000511DC /* WeiBoVC.h */,
				6B5E40521DC1B49A006E57D3 /* WeiBoVC.m */,
				6BBE59891DC0796C000511DC /* WeiBoVC.xib */,
			);
			path = weibo;
			sourceTree = "<group>";
		};
		6BBE597C1DC0796C000511DC /* JsonDada */ = {
			isa = PBXGroup;
			children = (
				6BBE597D1DC0796C000511DC /* weibo_0.json */,
				6BBE597E1DC0796C000511DC /* weibo_1.json */,
				6BBE597F1DC0796C000511DC /* weibo_2.json */,
				6BBE59801DC0796C000511DC /* weibo_3.json */,
				6BBE59811DC0796C000511DC /* weibo_4.json */,
				6BBE59821DC0796C000511DC /* weibo_5.json */,
				6BBE59831DC0796C000511DC /* weibo_6.json */,
				6BBE59841DC0796C000511DC /* weibo_7.json */,
			);
			path = JsonDada;
			sourceTree = "<group>";
		};
		6BBE59951DC07A61000511DC /* Lib */ = {
			isa = PBXGroup;
			children = (
				6BA5ECBD1DD2C2580076585F /* HRTopBar */,
				6B1D607F1DC6D99F002C2EEB /* WeChatSDK */,
				6BBE59AF1DC09923000511DC /* RegexKitLite */,
				6BBE59971DC07A61000511DC /* TencentOpenApi */,
			);
			path = Lib;
			sourceTree = "<group>";
		};
		6BBE59971DC07A61000511DC /* TencentOpenApi */ = {
			isa = PBXGroup;
			children = (
				6BBE59981DC07A61000511DC /* TencentOpenAPI.framework */,
				6BBE59991DC07A62000511DC /* TencentOpenApi_IOS_Bundle.bundle */,
			);
			path = TencentOpenApi;
			sourceTree = "<group>";
		};
		6BBE599F1DC081D2000511DC /* View */ = {
			isa = PBXGroup;
			children = (
				6BEE8B7E1DCAEB5500FB7AC8 /* HRShareAlterViewVC.h */,
				6BEE8B7F1DCAEB5500FB7AC8 /* HRShareAlterViewVC.m */,
				6BEE8B801DCAEB5500FB7AC8 /* HRShareAlterViewVC.xib */,
				6BEE8B811DCAEB5500FB7AC8 /* HRThirdAlterViewVC.h */,
				6BEE8B821DCAEB5500FB7AC8 /* HRThirdAlterViewVC.m */,
				6BEE8B831DCAEB5500FB7AC8 /* HRThirdAlterViewVC.xib */,
				6B497E9F1DC2357A00EC74E1 /* LDGridView.h */,
				6B497EA01DC2357A00EC74E1 /* LDGridView.m */,
				6BBE59A01DC081D2000511DC /* HRButton.h */,
				6BBE59A11DC081D2000511DC /* HRButton.m */,
				6B5E40581DC1BA22006E57D3 /* YYFPSLabel.h */,
				6B5E40591DC1BA22006E57D3 /* YYFPSLabel.m */,
			);
			path = View;
			sourceTree = "<group>";
		};
		6BBE59AF1DC09923000511DC /* RegexKitLite */ = {
			isa = PBXGroup;
			children = (
				6BBE59B01DC09923000511DC /* RegexKitLite.h */,
				6BBE59B11DC09923000511DC /* RegexKitLite.m */,
			);
			path = RegexKitLite;
			sourceTree = "<group>";
		};
		6BEE8B741DCAEB0E00FB7AC8 /* ThirdHandle */ = {
			isa = PBXGroup;
			children = (
				6BEE8B751DCAEB0E00FB7AC8 /* HRQQApiManager.h */,
				6BEE8B761DCAEB0E00FB7AC8 /* HRQQApiManager.m */,
				6BEE8B771DCAEB0E00FB7AC8 /* HRSinaApiManager.h */,
				6BEE8B781DCAEB0E00FB7AC8 /* HRSinaApiManager.m */,
				6BEE8B791DCAEB0E00FB7AC8 /* HRWChatApiManager.h */,
				6BEE8B7A1DCAEB0E00FB7AC8 /* HRWChatApiManager.m */,
			);
			path = ThirdHandle;
			sourceTree = "<group>";
		};
		6BF3A0FC1D9913EA00583D4D = {
			isa = PBXGroup;
			children = (
				6BF3A1071D9913EA00583D4D /* NiceProject */,
				6BF3A1061D9913EA00583D4D /* Products */,
				746374000B20398A10B811AE /* Pods */,
				EB8DEA6E8BB14DD7E1BB90C1 /* Frameworks */,
			);
			sourceTree = "<group>";
		};
		6BF3A1061D9913EA00583D4D /* Products */ = {
			isa = PBXGroup;
			children = (
				6BF3A1051D9913EA00583D4D /* NiceProject.app */,
			);
			name = Products;
			sourceTree = "<group>";
		};
		6BF3A1071D9913EA00583D4D /* NiceProject */ = {
			isa = PBXGroup;
			children = (
				6BF3A11F1D99141B00583D4D /* Classes */,
				6BF3A10B1D9913EA00583D4D /* AppDelegate.h */,
				6BF3A10C1D9913EA00583D4D /* AppDelegate.m */,
				6BF3A10E1D9913EA00583D4D /* ViewController.h */,
				6BF3A10F1D9913EA00583D4D /* ViewController.m */,
				6BF3A1111D9913EA00583D4D /* Main.storyboard */,
				6BF3A1141D9913EA00583D4D /* Assets.xcassets */,
				6BF3A1161D9913EA00583D4D /* LaunchScreen.storyboard */,
				6BF3A1191D9913EA00583D4D /* Info.plist */,
				6BF3A16B1D99167D00583D4D /* text.json */,
				6BF3A1081D9913EA00583D4D /* Supporting Files */,
			);
			path = NiceProject;
			sourceTree = "<group>";
		};
		6BF3A1081D9913EA00583D4D /* Supporting Files */ = {
			isa = PBXGroup;
			children = (
				6BF3A1091D9913EA00583D4D /* main.m */,
			);
			name = "Supporting Files";
			sourceTree = "<group>";
		};
		6BF3A11F1D99141B00583D4D /* Classes */ = {
			isa = PBXGroup;
			children = (
				6BBE59951DC07A61000511DC /* Lib */,
				6BF3A1341D99141B00583D4D /* Common */,
				6BBE597B1DC0796C000511DC /* weibo */,
				6BF3A1421D99141B00583D4D /* Item1.h */,
				6BF3A1431D99141B00583D4D /* Item1.m */,
				6BF3A1441D99141B00583D4D /* Item2.h */,
				6BF3A1451D99141B00583D4D /* Item2.m */,
				6BF3A1461D99141B00583D4D /* Item3.h */,
				6BF3A1471D99141B00583D4D /* Item3.m */,
				6BF3A1481D99141B00583D4D /* Item3.xib */,
				6BF3A1491D99141B00583D4D /* LeftVC.h */,
				6BF3A14A1D99141B00583D4D /* LeftVC.m */,
				6BF3A14B1D99141B00583D4D /* LeftVC.xib */,
				6BF3A14C1D99141B00583D4D /* PushedVC.h */,
				6BF3A14D1D99141B00583D4D /* PushedVC.m */,
				6BF3A14E1D99141B00583D4D /* PushedVC.xib */,
				6BF3A1681D99153600583D4D /* VIPCenterModel.h */,
				6BF3A1691D99153600583D4D /* VIPCenterModel.m */,
			);
			path = Classes;
			sourceTree = "<group>";
		};
		6BF3A1341D99141B00583D4D /* Common */ = {
			isa = PBXGroup;
			children = (
				6BEE8B741DCAEB0E00FB7AC8 /* ThirdHandle */,
				6B1219611DC3231D00CE9CBB /* Category */,
				6BBE599F1DC081D2000511DC /* View */,
				6B178DF21D9A045500257D97 /* Base */,
				6BF3A13B1D99141B00583D4D /* HTTP */,
				6BF3A1351D99141B00583D4D /* HRConst.h */,
				6BF3A1361D99141B00583D4D /* HRConst.m */,
				6BF3A1391D99141B00583D4D /* HRObject.h */,
				6BF3A13A1D99141B00583D4D /* HRObject.m */,
				6BF3A1371D99141B00583D4D /* HRFunctionTool.h */,
				6BF3A1381D99141B00583D4D /* HRFunctionTool.m */,
				6B11154A1DC46D7000B43EAD /* HRDBTool.h */,
				6B11154B1DC46D7000B43EAD /* HRDBTool.m */,
			);
			path = Common;
			sourceTree = "<group>";
		};
		6BF3A13B1D99141B00583D4D /* HTTP */ = {
			isa = PBXGroup;
			children = (
				6BF3A13C1D99141B00583D4D /* HRHTTPManager.h */,
				6BF3A13D1D99141B00583D4D /* HRHTTPManager.m */,
				6BF3A13E1D99141B00583D4D /* HRHTTPModel.h */,
				6BF3A13F1D99141B00583D4D /* HRHTTPModel.m */,
				6BF3A1401D99141B00583D4D /* HRHTTPTool.h */,
				6BF3A1411D99141B00583D4D /* HRHTTPTool.m */,
			);
			path = HTTP;
			sourceTree = "<group>";
		};
		746374000B20398A10B811AE /* Pods */ = {
			isa = PBXGroup;
			children = (
				BADD2FC4A99C5F74117BBAEB /* Pods.debug.xcconfig */,
				84BFBFDEE8AD871EDCC6BADC /* Pods.release.xcconfig */,
			);
			name = Pods;
			sourceTree = "<group>";
		};
		EB8DEA6E8BB14DD7E1BB90C1 /* Frameworks */ = {
			isa = PBXGroup;
			children = (
				6B1D608D1DC6DA49002C2EEB /* CFNetwork.framework */,
				6B1D60881DC6DA19002C2EEB /* libsqlite3.0.tbd */,
				6BBE59B31DC0998B000511DC /* libicucore.tbd */,
				6B5F40EA1DBE08010017B00A /* libc++.tbd */,
				6B5F40D91DBDEE440017B00A /* libz.tbd */,
				6B5F40D71DBDEE3A0017B00A /* libstdc++.tbd */,
				6B5F40D51DBDEE320017B00A /* CoreTelephony.framework */,
				6B5F40D31DBDEE230017B00A /* libsqlite3.tbd */,
				6B5F40D11DBDEE130017B00A /* CoreGraphics.framework */,
				6B5F40CF1DBDEE060017B00A /* SystemConfiguration.framework */,
				6B5F40CD1DBDEDFA0017B00A /* libiconv.tbd */,
				6B5F40CB1DBDEDE60017B00A /* Security.framework */,
				F096903BDC4B84835F83EAB1 /* libPods.a */,
			);
			name = Frameworks;
			sourceTree = "<group>";
		};
/* End PBXGroup section */

/* Begin PBXNativeTarget section */
		6BF3A1041D9913EA00583D4D /* NiceProject */ = {
			isa = PBXNativeTarget;
			buildConfigurationList = 6BF3A11C1D9913EA00583D4D /* Build configuration list for PBXNativeTarget "NiceProject" */;
			buildPhases = (
				9310B611CBF4A242A8E2EEF0 /* Check Pods Manifest.lock */,
				6BF3A1011D9913EA00583D4D /* Sources */,
				6BF3A1021D9913EA00583D4D /* Frameworks */,
				6BF3A1031D9913EA00583D4D /* Resources */,
				7CF0C637371F1F83D82FA325 /* Embed Pods Frameworks */,
				632997FF5E5ECCCD0C6C7EB2 /* Copy Pods Resources */,
			);
			buildRules = (
			);
			dependencies = (
			);
			name = NiceProject;
			productName = NiceProject;
			productReference = 6BF3A1051D9913EA00583D4D /* NiceProject.app */;
			productType = "com.apple.product-type.application";
		};
/* End PBXNativeTarget section */

/* Begin PBXProject section */
		6BF3A0FD1D9913EA00583D4D /* Project object */ = {
			isa = PBXProject;
			attributes = {
				LastUpgradeCheck = 0800;
				ORGANIZATIONNAME = ld;
				TargetAttributes = {
					6BF3A1041D9913EA00583D4D = {
						CreatedOnToolsVersion = 8.0;
						DevelopmentTeam = 555MSEDP84;
						ProvisioningStyle = Manual;
					};
				};
			};
			buildConfigurationList = 6BF3A1001D9913EA00583D4D /* Build configuration list for PBXProject "NiceProject" */;
			compatibilityVersion = "Xcode 3.2";
			developmentRegion = English;
			hasScannedForEncodings = 0;
			knownRegions = (
				en,
				Base,
			);
			mainGroup = 6BF3A0FC1D9913EA00583D4D;
			productRefGroup = 6BF3A1061D9913EA00583D4D /* Products */;
			projectDirPath = "";
			projectRoot = "";
			targets = (
				6BF3A1041D9913EA00583D4D /* NiceProject */,
			);
		};
/* End PBXProject section */

/* Begin PBXResourcesBuildPhase section */
		6BF3A1031D9913EA00583D4D /* Resources */ = {
			isa = PBXResourcesBuildPhase;
			buildActionMask = 2147483647;
			files = (
				6BEE8B851DCAEB5500FB7AC8 /* HRShareAlterViewVC.xib in Resources */,
				6B178E0E1D9A045500257D97 /* bg_backBarButton_normal.png in Resources */,
				6BF3A1181D9913EA00583D4D /* LaunchScreen.storyboard in Resources */,
				6BBE598F1DC0796C000511DC /* weibo_5.json in Resources */,
				6B178E101D9A045500257D97 /* Stars@2x.png in Resources */,
				6BBE598D1DC0796C000511DC /* weibo_3.json in Resources */,
				6B178E0F1D9A045500257D97 /* bg_backBarButton_normal@2x.png in Resources */,
				6BBE59911DC0796C000511DC /* weibo_7.json in Resources */,
				6BF3A16C1D99167D00583D4D /* text.json in Resources */,
				6BBE598E1DC0796C000511DC /* weibo_4.json in Resources */,
				6B178E0C1D9A045500257D97 /* bg_backBarButton_hight.png in Resources */,
				6BBE598A1DC0796C000511DC /* weibo_0.json in Resources */,
				6BF3A1151D9913EA00583D4D /* Assets.xcassets in Resources */,
				6BEE8B871DCAEB5500FB7AC8 /* HRThirdAlterViewVC.xib in Resources */,
				6B1D60861DC6D99F002C2EEB /* README.txt in Resources */,
				6BF3A1651D99141B00583D4D /* LeftVC.xib in Resources */,
				6BBE598B1DC0796C000511DC /* weibo_1.json in Resources */,
				6BBE598C1DC0796C000511DC /* weibo_2.json in Resources */,
				6BBE59901DC0796C000511DC /* weibo_6.json in Resources */,
				6BF3A1131D9913EA00583D4D /* Main.storyboard in Resources */,
				6B178E0D1D9A045500257D97 /* bg_backBarButton_hight@2x.png in Resources */,
				6BBE599B1DC07A62000511DC /* TencentOpenApi_IOS_Bundle.bundle in Resources */,
				6BF3A1631D99141B00583D4D /* Item3.xib in Resources */,
				6BF3A1671D99141B00583D4D /* PushedVC.xib in Resources */,
				6BBE59941DC0796C000511DC /* WeiBoVC.xib in Resources */,
			);
			runOnlyForDeploymentPostprocessing = 0;
		};
/* End PBXResourcesBuildPhase section */

/* Begin PBXShellScriptBuildPhase section */
		632997FF5E5ECCCD0C6C7EB2 /* Copy Pods Resources */ = {
			isa = PBXShellScriptBuildPhase;
			buildActionMask = 2147483647;
			files = (
			);
			inputPaths = (
			);
			name = "Copy Pods Resources";
			outputPaths = (
			);
			runOnlyForDeploymentPostprocessing = 0;
			shellPath = /bin/sh;
			shellScript = "\"${SRCROOT}/Pods/Target Support Files/Pods/Pods-resources.sh\"\n";
			showEnvVarsInLog = 0;
		};
		7CF0C637371F1F83D82FA325 /* Embed Pods Frameworks */ = {
			isa = PBXShellScriptBuildPhase;
			buildActionMask = 2147483647;
			files = (
			);
			inputPaths = (
			);
			name = "Embed Pods Frameworks";
			outputPaths = (
			);
			runOnlyForDeploymentPostprocessing = 0;
			shellPath = /bin/sh;
			shellScript = "\"${SRCROOT}/Pods/Target Support Files/Pods/Pods-frameworks.sh\"\n";
			showEnvVarsInLog = 0;
		};
		9310B611CBF4A242A8E2EEF0 /* Check Pods Manifest.lock */ = {
			isa = PBXShellScriptBuildPhase;
			buildActionMask = 2147483647;
			files = (
			);
			inputPaths = (
			);
			name = "Check Pods Manifest.lock";
			outputPaths = (
			);
			runOnlyForDeploymentPostprocessing = 0;
			shellPath = /bin/sh;
			shellScript = "diff \"${PODS_ROOT}/../Podfile.lock\" \"${PODS_ROOT}/Manifest.lock\" > /dev/null\nif [[ $? != 0 ]] ; then\n    cat << EOM\nerror: The sandbox is not in sync with the Podfile.lock. Run 'pod install' or update your CocoaPods installation.\nEOM\n    exit 1\nfi\n";
			showEnvVarsInLog = 0;
		};
/* End PBXShellScriptBuildPhase section */

/* Begin PBXSourcesBuildPhase section */
		6BF3A1011D9913EA00583D4D /* Sources */ = {
			isa = PBXSourcesBuildPhase;
			buildActionMask = 2147483647;
			files = (
				6BEE8B841DCAEB5500FB7AC8 /* HRShareAlterViewVC.m in Sources */,
				6BF3A1621D99141B00583D4D /* Item3.m in Sources */,
				6B178E091D9A045500257D97 /* HRSideMenuVC.m in Sources */,
				6BBE59A91DC089D8000511DC /* WBCell.m in Sources */,
				6B5E40531DC1B49A006E57D3 /* WeiBoVC.m in Sources */,
				6BEE8B7C1DCAEB0E00FB7AC8 /* HRSinaApiManager.m in Sources */,
				6BBE59A51DC08548000511DC /* WBModel.m in Sources */,
				6BF3A1641D99141B00583D4D /* LeftVC.m in Sources */,
				6BBE59A21DC081D2000511DC /* HRButton.m in Sources */,
				6B5E40511DC1ADD1006E57D3 /* HRLayoutModel.m in Sources */,
				6B497EA11DC2357A00EC74E1 /* LDGridView.m in Sources */,
				6BF3A1101D9913EA00583D4D /* ViewController.m in Sources */,
				6B1A15201DC3AE95009F58CA /* UIImageView+hr_SDWeb.m in Sources */,
				6B178E061D9A045500257D97 /* HRBaseVC.m in Sources */,
				6B11154C1DC46D7000B43EAD /* HRDBTool.m in Sources */,
				6BF3A1601D99141B00583D4D /* Item1.m in Sources */,
				6BF3A10D1D9913EA00583D4D /* AppDelegate.m in Sources */,
				6B1219671DC3236100CE9CBB /* UIView+hr_Extension.m in Sources */,
				6B178E0B1D9A045500257D97 /* KKNavigationController.m in Sources */,
				6B178E081D9A045500257D97 /* HRRootNC.m in Sources */,
				6B5E405A1DC1BA22006E57D3 /* YYFPSLabel.m in Sources */,
				6BF3A10A1D9913EA00583D4D /* main.m in Sources */,
				6BF3A1611D99141B00583D4D /* Item2.m in Sources */,
				6B178E0A1D9A045500257D97 /* HRTabVC.m in Sources */,
				6BF3A15F1D99141B00583D4D /* HRHTTPTool.m in Sources */,
				6BBE59B21DC09923000511DC /* RegexKitLite.m in Sources */,
				6BF3A15D1D99141B00583D4D /* HRHTTPManager.m in Sources */,
				6BF3A1661D99141B00583D4D /* PushedVC.m in Sources */,
				6BC6771B1DE6E4E1006C80A6 /* HRTopBarViewController.m in Sources */,
				6B178E071D9A045500257D97 /* HRItemNC.m in Sources */,
				6B36A5B51DC9919300DB09C1 /* NSString+hr_Extension.m in Sources */,
				6BF3A16A1D99153600583D4D /* VIPCenterModel.m in Sources */,
				6BF3A15B1D99141B00583D4D /* HRFunctionTool.m in Sources */,
				6BEE8B7B1DCAEB0E00FB7AC8 /* HRQQApiManager.m in Sources */,
				6BEE8B7D1DCAEB0E00FB7AC8 /* HRWChatApiManager.m in Sources */,
				6BF3A15E1D99141B00583D4D /* HRHTTPModel.m in Sources */,
				6BF3A15C1D99141B00583D4D /* HRObject.m in Sources */,
				6BEE8B861DCAEB5500FB7AC8 /* HRThirdAlterViewVC.m in Sources */,
				6BF3A15A1D99141B00583D4D /* HRConst.m in Sources */,
			);
			runOnlyForDeploymentPostprocessing = 0;
		};
/* End PBXSourcesBuildPhase section */

/* Begin PBXVariantGroup section */
		6BF3A1111D9913EA00583D4D /* Main.storyboard */ = {
			isa = PBXVariantGroup;
			children = (
				6BF3A1121D9913EA00583D4D /* Base */,
			);
			name = Main.storyboard;
			sourceTree = "<group>";
		};
		6BF3A1161D9913EA00583D4D /* LaunchScreen.storyboard */ = {
			isa = PBXVariantGroup;
			children = (
				6BF3A1171D9913EA00583D4D /* Base */,
			);
			name = LaunchScreen.storyboard;
			sourceTree = "<group>";
		};
/* End PBXVariantGroup section */

/* Begin XCBuildConfiguration section */
		6BF3A11A1D9913EA00583D4D /* Debug */ = {
			isa = XCBuildConfiguration;
			buildSettings = {
				ALWAYS_SEARCH_USER_PATHS = NO;
				CLANG_ANALYZER_NONNULL = YES;
				CLANG_CXX_LANGUAGE_STANDARD = "gnu++0x";
				CLANG_CXX_LIBRARY = "libc++";
				CLANG_ENABLE_MODULES = YES;
				CLANG_ENABLE_OBJC_ARC = YES;
				CLANG_WARN_BOOL_CONVERSION = YES;
				CLANG_WARN_CONSTANT_CONVERSION = YES;
				CLANG_WARN_DIRECT_OBJC_ISA_USAGE = YES_ERROR;
				CLANG_WARN_DOCUMENTATION_COMMENTS = YES;
				CLANG_WARN_EMPTY_BODY = YES;
				CLANG_WARN_ENUM_CONVERSION = YES;
				CLANG_WARN_INFINITE_RECURSION = YES;
				CLANG_WARN_INT_CONVERSION = YES;
				CLANG_WARN_OBJC_ROOT_CLASS = YES_ERROR;
				CLANG_WARN_SUSPICIOUS_MOVES = YES;
				CLANG_WARN_UNREACHABLE_CODE = YES;
				CLANG_WARN__DUPLICATE_METHOD_MATCH = YES;
				"CODE_SIGN_IDENTITY[sdk=iphoneos*]" = "iPhone Developer";
				COPY_PHASE_STRIP = NO;
				DEBUG_INFORMATION_FORMAT = dwarf;
				ENABLE_STRICT_OBJC_MSGSEND = YES;
				ENABLE_TESTABILITY = YES;
				GCC_C_LANGUAGE_STANDARD = gnu99;
				GCC_DYNAMIC_NO_PIC = NO;
				GCC_NO_COMMON_BLOCKS = YES;
				GCC_OPTIMIZATION_LEVEL = 0;
				GCC_PREPROCESSOR_DEFINITIONS = (
					"DEBUG=1",
					"$(inherited)",
				);
				GCC_WARN_64_TO_32_BIT_CONVERSION = YES;
				GCC_WARN_ABOUT_RETURN_TYPE = YES_ERROR;
				GCC_WARN_UNDECLARED_SELECTOR = YES;
				GCC_WARN_UNINITIALIZED_AUTOS = YES_AGGRESSIVE;
				GCC_WARN_UNUSED_FUNCTION = YES;
				GCC_WARN_UNUSED_VARIABLE = YES;
				IPHONEOS_DEPLOYMENT_TARGET = 10.0;
				MTL_ENABLE_DEBUG_INFO = YES;
				ONLY_ACTIVE_ARCH = YES;
				SDKROOT = iphoneos;
				TARGETED_DEVICE_FAMILY = "1,2";
			};
			name = Debug;
		};
		6BF3A11B1D9913EA00583D4D /* Release */ = {
			isa = XCBuildConfiguration;
			buildSettings = {
				ALWAYS_SEARCH_USER_PATHS = NO;
				CLANG_ANALYZER_NONNULL = YES;
				CLANG_CXX_LANGUAGE_STANDARD = "gnu++0x";
				CLANG_CXX_LIBRARY = "libc++";
				CLANG_ENABLE_MODULES = YES;
				CLANG_ENABLE_OBJC_ARC = YES;
				CLANG_WARN_BOOL_CONVERSION = YES;
				CLANG_WARN_CONSTANT_CONVERSION = YES;
				CLANG_WARN_DIRECT_OBJC_ISA_USAGE = YES_ERROR;
				CLANG_WARN_DOCUMENTATION_COMMENTS = YES;
				CLANG_WARN_EMPTY_BODY = YES;
				CLANG_WARN_ENUM_CONVERSION = YES;
				CLANG_WARN_INFINITE_RECURSION = YES;
				CLANG_WARN_INT_CONVERSION = YES;
				CLANG_WARN_OBJC_ROOT_CLASS = YES_ERROR;
				CLANG_WARN_SUSPICIOUS_MOVES = YES;
				CLANG_WARN_UNREACHABLE_CODE = YES;
				CLANG_WARN__DUPLICATE_METHOD_MATCH = YES;
				"CODE_SIGN_IDENTITY[sdk=iphoneos*]" = "iPhone Developer";
				COPY_PHASE_STRIP = NO;
				DEBUG_INFORMATION_FORMAT = "dwarf-with-dsym";
				ENABLE_NS_ASSERTIONS = NO;
				ENABLE_STRICT_OBJC_MSGSEND = YES;
				GCC_C_LANGUAGE_STANDARD = gnu99;
				GCC_NO_COMMON_BLOCKS = YES;
				GCC_WARN_64_TO_32_BIT_CONVERSION = YES;
				GCC_WARN_ABOUT_RETURN_TYPE = YES_ERROR;
				GCC_WARN_UNDECLARED_SELECTOR = YES;
				GCC_WARN_UNINITIALIZED_AUTOS = YES_AGGRESSIVE;
				GCC_WARN_UNUSED_FUNCTION = YES;
				GCC_WARN_UNUSED_VARIABLE = YES;
				IPHONEOS_DEPLOYMENT_TARGET = 10.0;
				MTL_ENABLE_DEBUG_INFO = NO;
				SDKROOT = iphoneos;
				TARGETED_DEVICE_FAMILY = "1,2";
				VALIDATE_PRODUCT = YES;
			};
			name = Release;
		};
		6BF3A11D1D9913EA00583D4D /* Debug */ = {
			isa = XCBuildConfiguration;
			baseConfigurationReference = BADD2FC4A99C5F74117BBAEB /* Pods.debug.xcconfig */;
			buildSettings = {
				ASSETCATALOG_COMPILER_APPICON_NAME = AppIcon;
				"CODE_SIGN_IDENTITY[sdk=iphoneos*]" = "iPhone Developer";
				DEVELOPMENT_TEAM = 555MSEDP84;
				FRAMEWORK_SEARCH_PATHS = (
					"$(inherited)",
					"$(PROJECT_DIR)/NiceProject/Lib/TencentOpenApi",
					"$(PROJECT_DIR)/NiceProject/Lib/qq",
					"$(PROJECT_DIR)/NiceProject/Classes/Lib/TencentOpenApi",
				);
				INFOPLIST_FILE = NiceProject/Info.plist;
				IPHONEOS_DEPLOYMENT_TARGET = 9.2;
				LD_RUNPATH_SEARCH_PATHS = "$(inherited) @executable_path/Frameworks";
				LIBRARY_SEARCH_PATHS = (
					"$(inherited)",
					"$(PROJECT_DIR)/NiceProject/Classes/Lib/WeChatSDK",
				);
				OTHER_LDFLAGS = (
					"$(inherited)",
					"-ObjC",
					"-l\"AFNetworking\"",
					"-l\"RESideMenu\"",
					"-l\"YYModel\"",
					"-framework",
					"\"CoreFoundation\"",
					"-framework",
					"\"CoreGraphics\"",
					"-framework",
					"\"Foundation\"",
					"-framework",
					"\"MobileCoreServices\"",
					"-framework",
					"\"QuartzCore\"",
					"-framework",
					"\"Security\"",
					"-framework",
					"\"SystemConfiguration\"",
					"-fobjc-arc",
					"-Objc",
					"-all_load",
				);
				PRODUCT_BUNDLE_IDENTIFIER = com.KingPoint.gmcchh;
				PRODUCT_NAME = "$(TARGET_NAME)";
				PROVISIONING_PROFILE = "21334945-9d55-41b7-ad0f-9c517d13dca6";
				PROVISIONING_PROFILE_SPECIFIER = devProfileGmcchh;
			};
			name = Debug;
		};
		6BF3A11E1D9913EA00583D4D /* Release */ = {
			isa = XCBuildConfiguration;
			baseConfigurationReference = 84BFBFDEE8AD871EDCC6BADC /* Pods.release.xcconfig */;
			buildSettings = {
				ASSETCATALOG_COMPILER_APPICON_NAME = AppIcon;
				"CODE_SIGN_IDENTITY[sdk=iphoneos*]" = "iPhone Developer";
				DEVELOPMENT_TEAM = 555MSEDP84;
				FRAMEWORK_SEARCH_PATHS = (
					"$(inherited)",
					"$(PROJECT_DIR)/NiceProject/Lib/TencentOpenApi",
					"$(PROJECT_DIR)/NiceProject/Lib/qq",
					"$(PROJECT_DIR)/NiceProject/Classes/Lib/TencentOpenApi",
				);
				INFOPLIST_FILE = NiceProject/Info.plist;
				IPHONEOS_DEPLOYMENT_TARGET = 9.2;
				LD_RUNPATH_SEARCH_PATHS = "$(inherited) @executable_path/Frameworks";
				LIBRARY_SEARCH_PATHS = (
					"$(inherited)",
					"$(PROJECT_DIR)/NiceProject/Classes/Lib/WeChatSDK",
				);
				OTHER_LDFLAGS = (
					"$(inherited)",
					"-ObjC",
					"-l\"AFNetworking\"",
					"-l\"RESideMenu\"",
					"-l\"YYModel\"",
					"-framework",
					"\"CoreFoundation\"",
					"-framework",
					"\"CoreGraphics\"",
					"-framework",
					"\"Foundation\"",
					"-framework",
					"\"MobileCoreServices\"",
					"-framework",
					"\"QuartzCore\"",
					"-framework",
					"\"Security\"",
					"-framework",
					"\"SystemConfiguration\"",
					"-fobjc-arc",
					"-Objc",
					"-all_load",
				);
				PRODUCT_BUNDLE_IDENTIFIER = com.KingPoint.gmcchh;
				PRODUCT_NAME = "$(TARGET_NAME)";
				PROVISIONING_PROFILE = "21334945-9d55-41b7-ad0f-9c517d13dca6";
				PROVISIONING_PROFILE_SPECIFIER = devProfileGmcchh;
			};
			name = Release;
		};
/* End XCBuildConfiguration section */

/* Begin XCConfigurationList section */
		6BF3A1001D9913EA00583D4D /* Build configuration list for PBXProject "NiceProject" */ = {
			isa = XCConfigurationList;
			buildConfigurations = (
				6BF3A11A1D9913EA00583D4D /* Debug */,
				6BF3A11B1D9913EA00583D4D /* Release */,
			);
			defaultConfigurationIsVisible = 0;
			defaultConfigurationName = Release;
		};
		6BF3A11C1D9913EA00583D4D /* Build configuration list for PBXNativeTarget "NiceProject" */ = {
			isa = XCConfigurationList;
			buildConfigurations = (
				6BF3A11D1D9913EA00583D4D /* Debug */,
				6BF3A11E1D9913EA00583D4D /* Release */,
			);
			defaultConfigurationIsVisible = 0;
			defaultConfigurationName = Release;
		};
/* End XCConfigurationList section */
	};
	rootObject = 6BF3A0FD1D9913EA00583D4D /* Project object */;
}
