// !$*UTF8*$!
{
	archiveVersion = 1;
	classes = {
	};
	objectVersion = 46;
	objects = {

/* Begin PBXBuildFile section */
		6B9BA3001D90D048004B91E9 /* first_normal.png in Resources */ = {isa = PBXBuildFile; fileRef = 6B9BA2EC1D90D048004B91E9 /* first_normal.png */; };
		6B9BA3011D90D048004B91E9 /* first_normal@2x.png in Resources */ = {isa = PBXBuildFile; fileRef = 6B9BA2ED1D90D048004B91E9 /* first_normal@2x.png */; };
		6B9BA3021D90D048004B91E9 /* first_selected.png in Resources */ = {isa = PBXBuildFile; fileRef = 6B9BA2EE1D90D048004B91E9 /* first_selected.png */; };
		6B9BA3031D90D048004B91E9 /* first_selected@2x.png in Resources */ = {isa = PBXBuildFile; fileRef = 6B9BA2EF1D90D048004B91E9 /* first_selected@2x.png */; };
		6B9BA3081D90D048004B91E9 /* second_normal.png in Resources */ = {isa = PBXBuildFile; fileRef = 6B9BA2F41D90D048004B91E9 /* second_normal.png */; };
		6B9BA3091D90D048004B91E9 /* second_normal@2x.png in Resources */ = {isa = PBXBuildFile; fileRef = 6B9BA2F51D90D048004B91E9 /* second_normal@2x.png */; };
		6B9BA30A1D90D048004B91E9 /* second_selected.png in Resources */ = {isa = PBXBuildFile; fileRef = 6B9BA2F61D90D048004B91E9 /* second_selected.png */; };
		6B9BA30B1D90D048004B91E9 /* second_selected@2x.png in Resources */ = {isa = PBXBuildFile; fileRef = 6B9BA2F71D90D048004B91E9 /* second_selected@2x.png */; };
		6B9BA3101D90D048004B91E9 /* third_normal.png in Resources */ = {isa = PBXBuildFile; fileRef = 6B9BA2FC1D90D048004B91E9 /* third_normal.png */; };
		6B9BA3111D90D048004B91E9 /* third_normal@2x.png in Resources */ = {isa = PBXBuildFile; fileRef = 6B9BA2FD1D90D048004B91E9 /* third_normal@2x.png */; };
		6B9BA3121D90D048004B91E9 /* third_selected.png in Resources */ = {isa = PBXBuildFile; fileRef = 6B9BA2FE1D90D048004B91E9 /* third_selected.png */; };
		6B9BA3131D90D048004B91E9 /* third_selected@2x.png in Resources */ = {isa = PBXBuildFile; fileRef = 6B9BA2FF1D90D048004B91E9 /* third_selected@2x.png */; };
		6B9BA3151D90E6DB004B91E9 /* Stars@2x.png in Resources */ = {isa = PBXBuildFile; fileRef = 6B9BA3141D90E6DB004B91E9 /* Stars@2x.png */; };
		6B9BA3351D911F17004B91E9 /* bg_backBarButton_hight.png in Resources */ = {isa = PBXBuildFile; fileRef = 6B9BA3311D911F17004B91E9 /* bg_backBarButton_hight.png */; };
		6B9BA3361D911F17004B91E9 /* bg_backBarButton_hight@2x.png in Resources */ = {isa = PBXBuildFile; fileRef = 6B9BA3321D911F17004B91E9 /* bg_backBarButton_hight@2x.png */; };
		6B9BA3371D911F17004B91E9 /* bg_backBarButton_normal.png in Resources */ = {isa = PBXBuildFile; fileRef = 6B9BA3331D911F17004B91E9 /* bg_backBarButton_normal.png */; };
		6B9BA3381D911F17004B91E9 /* bg_backBarButton_normal@2x.png in Resources */ = {isa = PBXBuildFile; fileRef = 6B9BA3341D911F17004B91E9 /* bg_backBarButton_normal@2x.png */; };
		6B9BA36C1D913F30004B91E9 /* HRBaseVC.m in Sources */ = {isa = PBXBuildFile; fileRef = 6B9BA3501D913F30004B91E9 /* HRBaseVC.m */; };
		6B9BA36D1D913F30004B91E9 /* HRItemNC.m in Sources */ = {isa = PBXBuildFile; fileRef = 6B9BA3521D913F30004B91E9 /* HRItemNC.m */; };
		6B9BA36E1D913F30004B91E9 /* HRRootNC.m in Sources */ = {isa = PBXBuildFile; fileRef = 6B9BA3541D913F30004B91E9 /* HRRootNC.m */; };
		6B9BA36F1D913F30004B91E9 /* HRSideMenuVC.m in Sources */ = {isa = PBXBuildFile; fileRef = 6B9BA3561D913F30004B91E9 /* HRSideMenuVC.m */; };
		6B9BA3701D913F30004B91E9 /* HRTabVC.m in Sources */ = {isa = PBXBuildFile; fileRef = 6B9BA3581D913F30004B91E9 /* HRTabVC.m */; };
		6B9BA3711D913F30004B91E9 /* KKNavigationController.m in Sources */ = {isa = PBXBuildFile; fileRef = 6B9BA35B1D913F30004B91E9 /* KKNavigationController.m */; };
		6B9BA3721D913F30004B91E9 /* Item1.m in Sources */ = {isa = PBXBuildFile; fileRef = 6B9BA35D1D913F30004B91E9 /* Item1.m */; };
		6B9BA3731D913F30004B91E9 /* Item2.m in Sources */ = {isa = PBXBuildFile; fileRef = 6B9BA35F1D913F30004B91E9 /* Item2.m */; };
		6B9BA3741D913F30004B91E9 /* Item3.m in Sources */ = {isa = PBXBuildFile; fileRef = 6B9BA3611D913F30004B91E9 /* Item3.m */; };
		6B9BA3751D913F30004B91E9 /* Item3.xib in Resources */ = {isa = PBXBuildFile; fileRef = 6B9BA3621D913F30004B91E9 /* Item3.xib */; };
		6B9BA3761D913F30004B91E9 /* LeftVC.m in Sources */ = {isa = PBXBuildFile; fileRef = 6B9BA3641D913F30004B91E9 /* LeftVC.m */; };
		6B9BA3771D913F30004B91E9 /* LeftVC.xib in Resources */ = {isa = PBXBuildFile; fileRef = 6B9BA3651D913F30004B91E9 /* LeftVC.xib */; };
		6B9BA3781D913F30004B91E9 /* PushedVC.m in Sources */ = {isa = PBXBuildFile; fileRef = 6B9BA3671D913F30004B91E9 /* PushedVC.m */; };
		6B9BA3791D913F30004B91E9 /* PushedVC.xib in Resources */ = {isa = PBXBuildFile; fileRef = 6B9BA3681D913F30004B91E9 /* PushedVC.xib */; };
		6B9BA37A1D913F30004B91E9 /* HRTool.m in Sources */ = {isa = PBXBuildFile; fileRef = 6B9BA36B1D913F30004B91E9 /* HRTool.m */; };
		6BF361D71D8FCCB1001A4E93 /* main.m in Sources */ = {isa = PBXBuildFile; fileRef = 6BF361D61D8FCCB1001A4E93 /* main.m */; };
		6BF361DA1D8FCCB1001A4E93 /* AppDelegate.m in Sources */ = {isa = PBXBuildFile; fileRef = 6BF361D91D8FCCB1001A4E93 /* AppDelegate.m */; };
		6BF361E21D8FCCB1001A4E93 /* Assets.xcassets in Resources */ = {isa = PBXBuildFile; fileRef = 6BF361E11D8FCCB1001A4E93 /* Assets.xcassets */; };
		6BF361E51D8FCCB1001A4E93 /* LaunchScreen.storyboard in Resources */ = {isa = PBXBuildFile; fileRef = 6BF361E31D8FCCB1001A4E93 /* LaunchScreen.storyboard */; };
		6F404624B90C0C4A8826E758 /* libPods.a in Frameworks */ = {isa = PBXBuildFile; fileRef = 544BAB2B80B61A3426C38869 /* libPods.a */; };
/* End PBXBuildFile section */

/* Begin PBXFileReference section */
		544BAB2B80B61A3426C38869 /* libPods.a */ = {isa = PBXFileReference; explicitFileType = archive.ar; includeInIndex = 0; path = libPods.a; sourceTree = BUILT_PRODUCTS_DIR; };
		5481C8757A6916F6C8C6DF0B /* Pods.release.xcconfig */ = {isa = PBXFileReference; includeInIndex = 1; lastKnownFileType = text.xcconfig; name = Pods.release.xcconfig; path = "Pods/Target Support Files/Pods/Pods.release.xcconfig"; sourceTree = "<group>"; };
		68E635CBD58333CE1C425F9E /* Pods.debug.xcconfig */ = {isa = PBXFileReference; includeInIndex = 1; lastKnownFileType = text.xcconfig; name = Pods.debug.xcconfig; path = "Pods/Target Support Files/Pods/Pods.debug.xcconfig"; sourceTree = "<group>"; };
		6B9BA2EC1D90D048004B91E9 /* first_normal.png */ = {isa = PBXFileReference; lastKnownFileType = image.png; path = first_normal.png; sourceTree = "<group>"; };
		6B9BA2ED1D90D048004B91E9 /* first_normal@2x.png */ = {isa = PBXFileReference; lastKnownFileType = image.png; path = "first_normal@2x.png"; sourceTree = "<group>"; };
		6B9BA2EE1D90D048004B91E9 /* first_selected.png */ = {isa = PBXFileReference; lastKnownFileType = image.png; path = first_selected.png; sourceTree = "<group>"; };
		6B9BA2EF1D90D048004B91E9 /* first_selected@2x.png */ = {isa = PBXFileReference; lastKnownFileType = image.png; path = "first_selected@2x.png"; sourceTree = "<group>"; };
		6B9BA2F41D90D048004B91E9 /* second_normal.png */ = {isa = PBXFileReference; lastKnownFileType = image.png; path = second_normal.png; sourceTree = "<group>"; };
		6B9BA2F51D90D048004B91E9 /* second_normal@2x.png */ = {isa = PBXFileReference; lastKnownFileType = image.png; path = "second_normal@2x.png"; sourceTree = "<group>"; };
		6B9BA2F61D90D048004B91E9 /* second_selected.png */ = {isa = PBXFileReference; lastKnownFileType = image.png; path = second_selected.png; sourceTree = "<group>"; };
		6B9BA2F71D90D048004B91E9 /* second_selected@2x.png */ = {isa = PBXFileReference; lastKnownFileType = image.png; path = "second_selected@2x.png"; sourceTree = "<group>"; };
		6B9BA2FC1D90D048004B91E9 /* third_normal.png */ = {isa = PBXFileReference; lastKnownFileType = image.png; path = third_normal.png; sourceTree = "<group>"; };
		6B9BA2FD1D90D048004B91E9 /* third_normal@2x.png */ = {isa = PBXFileReference; lastKnownFileType = image.png; path = "third_normal@2x.png"; sourceTree = "<group>"; };
		6B9BA2FE1D90D048004B91E9 /* third_selected.png */ = {isa = PBXFileReference; lastKnownFileType = image.png; path = third_selected.png; sourceTree = "<group>"; };
		6B9BA2FF1D90D048004B91E9 /* third_selected@2x.png */ = {isa = PBXFileReference; lastKnownFileType = image.png; path = "third_selected@2x.png"; sourceTree = "<group>"; };
		6B9BA3141D90E6DB004B91E9 /* Stars@2x.png */ = {isa = PBXFileReference; lastKnownFileType = image.png; path = "Stars@2x.png"; sourceTree = "<group>"; };
		6B9BA3311D911F17004B91E9 /* bg_backBarButton_hight.png */ = {isa = PBXFileReference; lastKnownFileType = image.png; path = bg_backBarButton_hight.png; sourceTree = "<group>"; };
		6B9BA3321D911F17004B91E9 /* bg_backBarButton_hight@2x.png */ = {isa = PBXFileReference; lastKnownFileType = image.png; path = "bg_backBarButton_hight@2x.png"; sourceTree = "<group>"; };
		6B9BA3331D911F17004B91E9 /* bg_backBarButton_normal.png */ = {isa = PBXFileReference; lastKnownFileType = image.png; path = bg_backBarButton_normal.png; sourceTree = "<group>"; };
		6B9BA3341D911F17004B91E9 /* bg_backBarButton_normal@2x.png */ = {isa = PBXFileReference; lastKnownFileType = image.png; path = "bg_backBarButton_normal@2x.png"; sourceTree = "<group>"; };
		6B9BA34F1D913F30004B91E9 /* HRBaseVC.h */ = {isa = PBXFileReference; fileEncoding = 4; lastKnownFileType = sourcecode.c.h; path = HRBaseVC.h; sourceTree = "<group>"; };
		6B9BA3501D913F30004B91E9 /* HRBaseVC.m */ = {isa = PBXFileReference; fileEncoding = 4; lastKnownFileType = sourcecode.c.objc; path = HRBaseVC.m; sourceTree = "<group>"; };
		6B9BA3511D913F30004B91E9 /* HRItemNC.h */ = {isa = PBXFileReference; fileEncoding = 4; lastKnownFileType = sourcecode.c.h; path = HRItemNC.h; sourceTree = "<group>"; };
		6B9BA3521D913F30004B91E9 /* HRItemNC.m */ = {isa = PBXFileReference; fileEncoding = 4; lastKnownFileType = sourcecode.c.objc; path = HRItemNC.m; sourceTree = "<group>"; };
		6B9BA3531D913F30004B91E9 /* HRRootNC.h */ = {isa = PBXFileReference; fileEncoding = 4; lastKnownFileType = sourcecode.c.h; path = HRRootNC.h; sourceTree = "<group>"; };
		6B9BA3541D913F30004B91E9 /* HRRootNC.m */ = {isa = PBXFileReference; fileEncoding = 4; lastKnownFileType = sourcecode.c.objc; path = HRRootNC.m; sourceTree = "<group>"; };
		6B9BA3551D913F30004B91E9 /* HRSideMenuVC.h */ = {isa = PBXFileReference; fileEncoding = 4; lastKnownFileType = sourcecode.c.h; path = HRSideMenuVC.h; sourceTree = "<group>"; };
		6B9BA3561D913F30004B91E9 /* HRSideMenuVC.m */ = {isa = PBXFileReference; fileEncoding = 4; lastKnownFileType = sourcecode.c.objc; path = HRSideMenuVC.m; sourceTree = "<group>"; };
		6B9BA3571D913F30004B91E9 /* HRTabVC.h */ = {isa = PBXFileReference; fileEncoding = 4; lastKnownFileType = sourcecode.c.h; path = HRTabVC.h; sourceTree = "<group>"; };
		6B9BA3581D913F30004B91E9 /* HRTabVC.m */ = {isa = PBXFileReference; fileEncoding = 4; lastKnownFileType = sourcecode.c.objc; path = HRTabVC.m; sourceTree = "<group>"; };
		6B9BA35A1D913F30004B91E9 /* KKNavigationController.h */ = {isa = PBXFileReference; fileEncoding = 4; lastKnownFileType = sourcecode.c.h; path = KKNavigationController.h; sourceTree = "<group>"; };
		6B9BA35B1D913F30004B91E9 /* KKNavigationController.m */ = {isa = PBXFileReference; fileEncoding = 4; lastKnownFileType = sourcecode.c.objc; path = KKNavigationController.m; sourceTree = "<group>"; };
		6B9BA35C1D913F30004B91E9 /* Item1.h */ = {isa = PBXFileReference; fileEncoding = 4; lastKnownFileType = sourcecode.c.h; path = Item1.h; sourceTree = "<group>"; };
		6B9BA35D1D913F30004B91E9 /* Item1.m */ = {isa = PBXFileReference; fileEncoding = 4; lastKnownFileType = sourcecode.c.objc; path = Item1.m; sourceTree = "<group>"; };
		6B9BA35E1D913F30004B91E9 /* Item2.h */ = {isa = PBXFileReference; fileEncoding = 4; lastKnownFileType = sourcecode.c.h; path = Item2.h; sourceTree = "<group>"; };
		6B9BA35F1D913F30004B91E9 /* Item2.m */ = {isa = PBXFileReference; fileEncoding = 4; lastKnownFileType = sourcecode.c.objc; path = Item2.m; sourceTree = "<group>"; };
		6B9BA3601D913F30004B91E9 /* Item3.h */ = {isa = PBXFileReference; fileEncoding = 4; lastKnownFileType = sourcecode.c.h; path = Item3.h; sourceTree = "<group>"; };
		6B9BA3611D913F30004B91E9 /* Item3.m */ = {isa = PBXFileReference; fileEncoding = 4; lastKnownFileType = sourcecode.c.objc; path = Item3.m; sourceTree = "<group>"; };
		6B9BA3621D913F30004B91E9 /* Item3.xib */ = {isa = PBXFileReference; fileEncoding = 4; lastKnownFileType = file.xib; path = Item3.xib; sourceTree = "<group>"; };
		6B9BA3631D913F30004B91E9 /* LeftVC.h */ = {isa = PBXFileReference; fileEncoding = 4; lastKnownFileType = sourcecode.c.h; path = LeftVC.h; sourceTree = "<group>"; };
		6B9BA3641D913F30004B91E9 /* LeftVC.m */ = {isa = PBXFileReference; fileEncoding = 4; lastKnownFileType = sourcecode.c.objc; path = LeftVC.m; sourceTree = "<group>"; };
		6B9BA3651D913F30004B91E9 /* LeftVC.xib */ = {isa = PBXFileReference; fileEncoding = 4; lastKnownFileType = file.xib; path = LeftVC.xib; sourceTree = "<group>"; };
		6B9BA3661D913F30004B91E9 /* PushedVC.h */ = {isa = PBXFileReference; fileEncoding = 4; lastKnownFileType = sourcecode.c.h; path = PushedVC.h; sourceTree = "<group>"; };
		6B9BA3671D913F30004B91E9 /* PushedVC.m */ = {isa = PBXFileReference; fileEncoding = 4; lastKnownFileType = sourcecode.c.objc; path = PushedVC.m; sourceTree = "<group>"; };
		6B9BA3681D913F30004B91E9 /* PushedVC.xib */ = {isa = PBXFileReference; fileEncoding = 4; lastKnownFileType = file.xib; path = PushedVC.xib; sourceTree = "<group>"; };
		6B9BA36A1D913F30004B91E9 /* HRTool.h */ = {isa = PBXFileReference; fileEncoding = 4; lastKnownFileType = sourcecode.c.h; path = HRTool.h; sourceTree = "<group>"; };
		6B9BA36B1D913F30004B91E9 /* HRTool.m */ = {isa = PBXFileReference; fileEncoding = 4; lastKnownFileType = sourcecode.c.objc; path = HRTool.m; sourceTree = "<group>"; };
		6BF361D21D8FCCB1001A4E93 /* 导航控制器.app */ = {isa = PBXFileReference; explicitFileType = wrapper.application; includeInIndex = 0; path = "导航控制器.app"; sourceTree = BUILT_PRODUCTS_DIR; };
		6BF361D61D8FCCB1001A4E93 /* main.m */ = {isa = PBXFileReference; lastKnownFileType = sourcecode.c.objc; path = main.m; sourceTree = "<group>"; };
		6BF361D81D8FCCB1001A4E93 /* AppDelegate.h */ = {isa = PBXFileReference; lastKnownFileType = sourcecode.c.h; path = AppDelegate.h; sourceTree = "<group>"; };
		6BF361D91D8FCCB1001A4E93 /* AppDelegate.m */ = {isa = PBXFileReference; lastKnownFileType = sourcecode.c.objc; path = AppDelegate.m; sourceTree = "<group>"; };
		6BF361E11D8FCCB1001A4E93 /* Assets.xcassets */ = {isa = PBXFileReference; lastKnownFileType = folder.assetcatalog; path = Assets.xcassets; sourceTree = "<group>"; };
		6BF361E41D8FCCB1001A4E93 /* Base */ = {isa = PBXFileReference; lastKnownFileType = file.storyboard; name = Base; path = Base.lproj/LaunchScreen.storyboard; sourceTree = "<group>"; };
		6BF361E61D8FCCB1001A4E93 /* Info.plist */ = {isa = PBXFileReference; lastKnownFileType = text.plist.xml; path = Info.plist; sourceTree = "<group>"; };
/* End PBXFileReference section */

/* Begin PBXFrameworksBuildPhase section */
		6BF361CF1D8FCCB1001A4E93 /* Frameworks */ = {
			isa = PBXFrameworksBuildPhase;
			buildActionMask = 2147483647;
			files = (
				6F404624B90C0C4A8826E758 /* libPods.a in Frameworks */,
			);
			runOnlyForDeploymentPostprocessing = 0;
		};
/* End PBXFrameworksBuildPhase section */

/* Begin PBXGroup section */
		326A52365EFAE1AC94769741 /* Pods */ = {
			isa = PBXGroup;
			children = (
				68E635CBD58333CE1C425F9E /* Pods.debug.xcconfig */,
				5481C8757A6916F6C8C6DF0B /* Pods.release.xcconfig */,
			);
			name = Pods;
			sourceTree = "<group>";
		};
		6B9BA2EB1D90D048004B91E9 /* Images */ = {
			isa = PBXGroup;
			children = (
				6B9BA3311D911F17004B91E9 /* bg_backBarButton_hight.png */,
				6B9BA3321D911F17004B91E9 /* bg_backBarButton_hight@2x.png */,
				6B9BA3331D911F17004B91E9 /* bg_backBarButton_normal.png */,
				6B9BA3341D911F17004B91E9 /* bg_backBarButton_normal@2x.png */,
				6B9BA3141D90E6DB004B91E9 /* Stars@2x.png */,
				6B9BA2EC1D90D048004B91E9 /* first_normal.png */,
				6B9BA2ED1D90D048004B91E9 /* first_normal@2x.png */,
				6B9BA2EE1D90D048004B91E9 /* first_selected.png */,
				6B9BA2EF1D90D048004B91E9 /* first_selected@2x.png */,
				6B9BA2F41D90D048004B91E9 /* second_normal.png */,
				6B9BA2F51D90D048004B91E9 /* second_normal@2x.png */,
				6B9BA2F61D90D048004B91E9 /* second_selected.png */,
				6B9BA2F71D90D048004B91E9 /* second_selected@2x.png */,
				6B9BA2FC1D90D048004B91E9 /* third_normal.png */,
				6B9BA2FD1D90D048004B91E9 /* third_normal@2x.png */,
				6B9BA2FE1D90D048004B91E9 /* third_selected.png */,
				6B9BA2FF1D90D048004B91E9 /* third_selected@2x.png */,
			);
			path = Images;
			sourceTree = "<group>";
		};
		6B9BA34D1D913F30004B91E9 /* Classes */ = {
			isa = PBXGroup;
			children = (
				6B9BA34E1D913F30004B91E9 /* Base */,
				6B9BA35C1D913F30004B91E9 /* Item1.h */,
				6B9BA35D1D913F30004B91E9 /* Item1.m */,
				6B9BA35E1D913F30004B91E9 /* Item2.h */,
				6B9BA35F1D913F30004B91E9 /* Item2.m */,
				6B9BA3601D913F30004B91E9 /* Item3.h */,
				6B9BA3611D913F30004B91E9 /* Item3.m */,
				6B9BA3621D913F30004B91E9 /* Item3.xib */,
				6B9BA3631D913F30004B91E9 /* LeftVC.h */,
				6B9BA3641D913F30004B91E9 /* LeftVC.m */,
				6B9BA3651D913F30004B91E9 /* LeftVC.xib */,
				6B9BA3661D913F30004B91E9 /* PushedVC.h */,
				6B9BA3671D913F30004B91E9 /* PushedVC.m */,
				6B9BA3681D913F30004B91E9 /* PushedVC.xib */,
				6B9BA3691D913F30004B91E9 /* Tool */,
			);
			path = Classes;
			sourceTree = "<group>";
		};
		6B9BA34E1D913F30004B91E9 /* Base */ = {
			isa = PBXGroup;
			children = (
				6B9BA34F1D913F30004B91E9 /* HRBaseVC.h */,
				6B9BA3501D913F30004B91E9 /* HRBaseVC.m */,
				6B9BA3511D913F30004B91E9 /* HRItemNC.h */,
				6B9BA3521D913F30004B91E9 /* HRItemNC.m */,
				6B9BA3531D913F30004B91E9 /* HRRootNC.h */,
				6B9BA3541D913F30004B91E9 /* HRRootNC.m */,
				6B9BA3551D913F30004B91E9 /* HRSideMenuVC.h */,
				6B9BA3561D913F30004B91E9 /* HRSideMenuVC.m */,
				6B9BA3571D913F30004B91E9 /* HRTabVC.h */,
				6B9BA3581D913F30004B91E9 /* HRTabVC.m */,
				6B9BA3591D913F30004B91E9 /* KKNavigationController */,
			);
			path = Base;
			sourceTree = "<group>";
		};
		6B9BA3591D913F30004B91E9 /* KKNavigationController */ = {
			isa = PBXGroup;
			children = (
				6B9BA35A1D913F30004B91E9 /* KKNavigationController.h */,
				6B9BA35B1D913F30004B91E9 /* KKNavigationController.m */,
			);
			path = KKNavigationController;
			sourceTree = "<group>";
		};
		6B9BA3691D913F30004B91E9 /* Tool */ = {
			isa = PBXGroup;
			children = (
				6B9BA36A1D913F30004B91E9 /* HRTool.h */,
				6B9BA36B1D913F30004B91E9 /* HRTool.m */,
			);
			path = Tool;
			sourceTree = "<group>";
		};
		6BF361C91D8FCCB1001A4E93 = {
			isa = PBXGroup;
			children = (
				6BF361D41D8FCCB1001A4E93 /* 导航控制器 */,
				6BF361D31D8FCCB1001A4E93 /* Products */,
				326A52365EFAE1AC94769741 /* Pods */,
				B212B00BD62912787E2BEC20 /* Frameworks */,
			);
			sourceTree = "<group>";
		};
		6BF361D31D8FCCB1001A4E93 /* Products */ = {
			isa = PBXGroup;
			children = (
				6BF361D21D8FCCB1001A4E93 /* 导航控制器.app */,
			);
			name = Products;
			sourceTree = "<group>";
		};
		6BF361D41D8FCCB1001A4E93 /* 导航控制器 */ = {
			isa = PBXGroup;
			children = (
				6BF361D81D8FCCB1001A4E93 /* AppDelegate.h */,
				6BF361D91D8FCCB1001A4E93 /* AppDelegate.m */,
				6B9BA34D1D913F30004B91E9 /* Classes */,
				6B9BA2EB1D90D048004B91E9 /* Images */,
				6BF361E11D8FCCB1001A4E93 /* Assets.xcassets */,
				6BF361E31D8FCCB1001A4E93 /* LaunchScreen.storyboard */,
				6BF361E61D8FCCB1001A4E93 /* Info.plist */,
				6BF361D51D8FCCB1001A4E93 /* Supporting Files */,
			);
			path = "导航控制器";
			sourceTree = "<group>";
		};
		6BF361D51D8FCCB1001A4E93 /* Supporting Files */ = {
			isa = PBXGroup;
			children = (
				6BF361D61D8FCCB1001A4E93 /* main.m */,
			);
			name = "Supporting Files";
			sourceTree = "<group>";
		};
		B212B00BD62912787E2BEC20 /* Frameworks */ = {
			isa = PBXGroup;
			children = (
				544BAB2B80B61A3426C38869 /* libPods.a */,
			);
			name = Frameworks;
			sourceTree = "<group>";
		};
/* End PBXGroup section */

/* Begin PBXNativeTarget section */
		6BF361D11D8FCCB1001A4E93 /* 导航控制器 */ = {
			isa = PBXNativeTarget;
			buildConfigurationList = 6BF361E91D8FCCB1001A4E93 /* Build configuration list for PBXNativeTarget "导航控制器" */;
			buildPhases = (
				3CF0FEAC5D7EFF9F0C7F7945 /* Check Pods Manifest.lock */,
				6BF361CE1D8FCCB1001A4E93 /* Sources */,
				6BF361CF1D8FCCB1001A4E93 /* Frameworks */,
				6BF361D01D8FCCB1001A4E93 /* Resources */,
				452E2B4A1447DE426C77BC1C /* Embed Pods Frameworks */,
				7236EA09292ECA1E209F6F2A /* Copy Pods Resources */,
			);
			buildRules = (
			);
			dependencies = (
			);
			name = "导航控制器";
			productName = "导航控制器";
			productReference = 6BF361D21D8FCCB1001A4E93 /* 导航控制器.app */;
			productType = "com.apple.product-type.application";
		};
/* End PBXNativeTarget section */

/* Begin PBXProject section */
		6BF361CA1D8FCCB1001A4E93 /* Project object */ = {
			isa = PBXProject;
			attributes = {
				LastUpgradeCheck = 0730;
				ORGANIZATIONNAME = ld;
				TargetAttributes = {
					6BF361D11D8FCCB1001A4E93 = {
						CreatedOnToolsVersion = 7.3.1;
					};
				};
			};
			buildConfigurationList = 6BF361CD1D8FCCB1001A4E93 /* Build configuration list for PBXProject "导航控制器" */;
			compatibilityVersion = "Xcode 3.2";
			developmentRegion = English;
			hasScannedForEncodings = 0;
			knownRegions = (
				en,
				Base,
			);
			mainGroup = 6BF361C91D8FCCB1001A4E93;
			productRefGroup = 6BF361D31D8FCCB1001A4E93 /* Products */;
			projectDirPath = "";
			projectRoot = "";
			targets = (
				6BF361D11D8FCCB1001A4E93 /* 导航控制器 */,
			);
		};
/* End PBXProject section */

/* Begin PBXResourcesBuildPhase section */
		6BF361D01D8FCCB1001A4E93 /* Resources */ = {
			isa = PBXResourcesBuildPhase;
			buildActionMask = 2147483647;
			files = (
				6B9BA30A1D90D048004B91E9 /* second_selected.png in Resources */,
				6B9BA3001D90D048004B91E9 /* first_normal.png in Resources */,
				6B9BA3131D90D048004B91E9 /* third_selected@2x.png in Resources */,
				6B9BA3031D90D048004B91E9 /* first_selected@2x.png in Resources */,
				6B9BA3151D90E6DB004B91E9 /* Stars@2x.png in Resources */,
				6B9BA30B1D90D048004B91E9 /* second_selected@2x.png in Resources */,
				6B9BA3121D90D048004B91E9 /* third_selected.png in Resources */,
				6BF361E51D8FCCB1001A4E93 /* LaunchScreen.storyboard in Resources */,
				6B9BA3021D90D048004B91E9 /* first_selected.png in Resources */,
				6B9BA3101D90D048004B91E9 /* third_normal.png in Resources */,
				6B9BA3361D911F17004B91E9 /* bg_backBarButton_hight@2x.png in Resources */,
				6B9BA3011D90D048004B91E9 /* first_normal@2x.png in Resources */,
				6B9BA3751D913F30004B91E9 /* Item3.xib in Resources */,
				6B9BA3381D911F17004B91E9 /* bg_backBarButton_normal@2x.png in Resources */,
				6B9BA3091D90D048004B91E9 /* second_normal@2x.png in Resources */,
				6B9BA3771D913F30004B91E9 /* LeftVC.xib in Resources */,
				6B9BA3371D911F17004B91E9 /* bg_backBarButton_normal.png in Resources */,
				6B9BA3351D911F17004B91E9 /* bg_backBarButton_hight.png in Resources */,
				6BF361E21D8FCCB1001A4E93 /* Assets.xcassets in Resources */,
				6B9BA3791D913F30004B91E9 /* PushedVC.xib in Resources */,
				6B9BA3111D90D048004B91E9 /* third_normal@2x.png in Resources */,
				6B9BA3081D90D048004B91E9 /* second_normal.png in Resources */,
			);
			runOnlyForDeploymentPostprocessing = 0;
		};
/* End PBXResourcesBuildPhase section */

/* Begin PBXShellScriptBuildPhase section */
		3CF0FEAC5D7EFF9F0C7F7945 /* Check Pods Manifest.lock */ = {
			isa = PBXShellScriptBuildPhase;
			buildActionMask = 2147483647;
			files = (
			);
			inputPaths = (
			);
			name = "Check Pods Manifest.lock";
			outputPaths = (
			);
			runOnlyForDeploymentPostprocessing = 0;
			shellPath = /bin/sh;
			shellScript = "diff \"${PODS_ROOT}/../Podfile.lock\" \"${PODS_ROOT}/Manifest.lock\" > /dev/null\nif [[ $? != 0 ]] ; then\n    cat << EOM\nerror: The sandbox is not in sync with the Podfile.lock. Run 'pod install' or update your CocoaPods installation.\nEOM\n    exit 1\nfi\n";
			showEnvVarsInLog = 0;
		};
		452E2B4A1447DE426C77BC1C /* Embed Pods Frameworks */ = {
			isa = PBXShellScriptBuildPhase;
			buildActionMask = 2147483647;
			files = (
			);
			inputPaths = (
			);
			name = "Embed Pods Frameworks";
			outputPaths = (
			);
			runOnlyForDeploymentPostprocessing = 0;
			shellPath = /bin/sh;
			shellScript = "\"${SRCROOT}/Pods/Target Support Files/Pods/Pods-frameworks.sh\"\n";
			showEnvVarsInLog = 0;
		};
		7236EA09292ECA1E209F6F2A /* Copy Pods Resources */ = {
			isa = PBXShellScriptBuildPhase;
			buildActionMask = 2147483647;
			files = (
			);
			inputPaths = (
			);
			name = "Copy Pods Resources";
			outputPaths = (
			);
			runOnlyForDeploymentPostprocessing = 0;
			shellPath = /bin/sh;
			shellScript = "\"${SRCROOT}/Pods/Target Support Files/Pods/Pods-resources.sh\"\n";
			showEnvVarsInLog = 0;
		};
/* End PBXShellScriptBuildPhase section */

/* Begin PBXSourcesBuildPhase section */
		6BF361CE1D8FCCB1001A4E93 /* Sources */ = {
			isa = PBXSourcesBuildPhase;
			buildActionMask = 2147483647;
			files = (
				6BF361DA1D8FCCB1001A4E93 /* AppDelegate.m in Sources */,
				6B9BA36C1D913F30004B91E9 /* HRBaseVC.m in Sources */,
				6B9BA36F1D913F30004B91E9 /* HRSideMenuVC.m in Sources */,
				6B9BA3761D913F30004B91E9 /* LeftVC.m in Sources */,
				6B9BA3741D913F30004B91E9 /* Item3.m in Sources */,
				6B9BA37A1D913F30004B91E9 /* HRTool.m in Sources */,
				6B9BA3721D913F30004B91E9 /* Item1.m in Sources */,
				6B9BA3781D913F30004B91E9 /* PushedVC.m in Sources */,
				6BF361D71D8FCCB1001A4E93 /* main.m in Sources */,
				6B9BA36E1D913F30004B91E9 /* HRRootNC.m in Sources */,
				6B9BA3711D913F30004B91E9 /* KKNavigationController.m in Sources */,
				6B9BA3731D913F30004B91E9 /* Item2.m in Sources */,
				6B9BA36D1D913F30004B91E9 /* HRItemNC.m in Sources */,
				6B9BA3701D913F30004B91E9 /* HRTabVC.m in Sources */,
			);
			runOnlyForDeploymentPostprocessing = 0;
		};
/* End PBXSourcesBuildPhase section */

/* Begin PBXVariantGroup section */
		6BF361E31D8FCCB1001A4E93 /* LaunchScreen.storyboard */ = {
			isa = PBXVariantGroup;
			children = (
				6BF361E41D8FCCB1001A4E93 /* Base */,
			);
			name = LaunchScreen.storyboard;
			sourceTree = "<group>";
		};
/* End PBXVariantGroup section */

/* Begin XCBuildConfiguration section */
		6BF361E71D8FCCB1001A4E93 /* Debug */ = {
			isa = XCBuildConfiguration;
			buildSettings = {
				ALWAYS_SEARCH_USER_PATHS = NO;
				CLANG_ANALYZER_NONNULL = YES;
				CLANG_CXX_LANGUAGE_STANDARD = "gnu++0x";
				CLANG_CXX_LIBRARY = "libc++";
				CLANG_ENABLE_MODULES = YES;
				CLANG_ENABLE_OBJC_ARC = YES;
				CLANG_WARN_BOOL_CONVERSION = YES;
				CLANG_WARN_CONSTANT_CONVERSION = YES;
				CLANG_WARN_DIRECT_OBJC_ISA_USAGE = YES_ERROR;
				CLANG_WARN_EMPTY_BODY = YES;
				CLANG_WARN_ENUM_CONVERSION = YES;
				CLANG_WARN_INT_CONVERSION = YES;
				CLANG_WARN_OBJC_ROOT_CLASS = YES_ERROR;
				CLANG_WARN_UNREACHABLE_CODE = YES;
				CLANG_WARN__DUPLICATE_METHOD_MATCH = YES;
				"CODE_SIGN_IDENTITY[sdk=iphoneos*]" = "iPhone Developer";
				COPY_PHASE_STRIP = NO;
				DEBUG_INFORMATION_FORMAT = dwarf;
				ENABLE_STRICT_OBJC_MSGSEND = YES;
				ENABLE_TESTABILITY = YES;
				GCC_C_LANGUAGE_STANDARD = gnu99;
				GCC_DYNAMIC_NO_PIC = NO;
				GCC_NO_COMMON_BLOCKS = YES;
				GCC_OPTIMIZATION_LEVEL = 0;
				GCC_PREPROCESSOR_DEFINITIONS = (
					"DEBUG=1",
					"$(inherited)",
				);
				GCC_WARN_64_TO_32_BIT_CONVERSION = YES;
				GCC_WARN_ABOUT_RETURN_TYPE = YES_ERROR;
				GCC_WARN_UNDECLARED_SELECTOR = YES;
				GCC_WARN_UNINITIALIZED_AUTOS = YES_AGGRESSIVE;
				GCC_WARN_UNUSED_FUNCTION = YES;
				GCC_WARN_UNUSED_VARIABLE = YES;
				IPHONEOS_DEPLOYMENT_TARGET = 9.3;
				MTL_ENABLE_DEBUG_INFO = YES;
				ONLY_ACTIVE_ARCH = YES;
				SDKROOT = iphoneos;
				TARGETED_DEVICE_FAMILY = "1,2";
			};
			name = Debug;
		};
		6BF361E81D8FCCB1001A4E93 /* Release */ = {
			isa = XCBuildConfiguration;
			buildSettings = {
				ALWAYS_SEARCH_USER_PATHS = NO;
				CLANG_ANALYZER_NONNULL = YES;
				CLANG_CXX_LANGUAGE_STANDARD = "gnu++0x";
				CLANG_CXX_LIBRARY = "libc++";
				CLANG_ENABLE_MODULES = YES;
				CLANG_ENABLE_OBJC_ARC = YES;
				CLANG_WARN_BOOL_CONVERSION = YES;
				CLANG_WARN_CONSTANT_CONVERSION = YES;
				CLANG_WARN_DIRECT_OBJC_ISA_USAGE = YES_ERROR;
				CLANG_WARN_EMPTY_BODY = YES;
				CLANG_WARN_ENUM_CONVERSION = YES;
				CLANG_WARN_INT_CONVERSION = YES;
				CLANG_WARN_OBJC_ROOT_CLASS = YES_ERROR;
				CLANG_WARN_UNREACHABLE_CODE = YES;
				CLANG_WARN__DUPLICATE_METHOD_MATCH = YES;
				"CODE_SIGN_IDENTITY[sdk=iphoneos*]" = "iPhone Developer";
				COPY_PHASE_STRIP = NO;
				DEBUG_INFORMATION_FORMAT = "dwarf-with-dsym";
				ENABLE_NS_ASSERTIONS = NO;
				ENABLE_STRICT_OBJC_MSGSEND = YES;
				GCC_C_LANGUAGE_STANDARD = gnu99;
				GCC_NO_COMMON_BLOCKS = YES;
				GCC_WARN_64_TO_32_BIT_CONVERSION = YES;
				GCC_WARN_ABOUT_RETURN_TYPE = YES_ERROR;
				GCC_WARN_UNDECLARED_SELECTOR = YES;
				GCC_WARN_UNINITIALIZED_AUTOS = YES_AGGRESSIVE;
				GCC_WARN_UNUSED_FUNCTION = YES;
				GCC_WARN_UNUSED_VARIABLE = YES;
				IPHONEOS_DEPLOYMENT_TARGET = 9.3;
				MTL_ENABLE_DEBUG_INFO = NO;
				SDKROOT = iphoneos;
				TARGETED_DEVICE_FAMILY = "1,2";
				VALIDATE_PRODUCT = YES;
			};
			name = Release;
		};
		6BF361EA1D8FCCB1001A4E93 /* Debug */ = {
			isa = XCBuildConfiguration;
			baseConfigurationReference = 68E635CBD58333CE1C425F9E /* Pods.debug.xcconfig */;
			buildSettings = {
				ASSETCATALOG_COMPILER_APPICON_NAME = AppIcon;
				INFOPLIST_FILE = "导航控制器/Info.plist";
				LD_RUNPATH_SEARCH_PATHS = "$(inherited) @executable_path/Frameworks";
				PRODUCT_BUNDLE_IDENTIFIER = "zeng.-----";
				PRODUCT_NAME = "$(TARGET_NAME)";
			};
			name = Debug;
		};
		6BF361EB1D8FCCB1001A4E93 /* Release */ = {
			isa = XCBuildConfiguration;
			baseConfigurationReference = 5481C8757A6916F6C8C6DF0B /* Pods.release.xcconfig */;
			buildSettings = {
				ASSETCATALOG_COMPILER_APPICON_NAME = AppIcon;
				INFOPLIST_FILE = "导航控制器/Info.plist";
				LD_RUNPATH_SEARCH_PATHS = "$(inherited) @executable_path/Frameworks";
				PRODUCT_BUNDLE_IDENTIFIER = "zeng.-----";
				PRODUCT_NAME = "$(TARGET_NAME)";
			};
			name = Release;
		};
/* End XCBuildConfiguration section */

/* Begin XCConfigurationList section */
		6BF361CD1D8FCCB1001A4E93 /* Build configuration list for PBXProject "导航控制器" */ = {
			isa = XCConfigurationList;
			buildConfigurations = (
				6BF361E71D8FCCB1001A4E93 /* Debug */,
				6BF361E81D8FCCB1001A4E93 /* Release */,
			);
			defaultConfigurationIsVisible = 0;
			defaultConfigurationName = Release;
		};
		6BF361E91D8FCCB1001A4E93 /* Build configuration list for PBXNativeTarget "导航控制器" */ = {
			isa = XCConfigurationList;
			buildConfigurations = (
				6BF361EA1D8FCCB1001A4E93 /* Debug */,
				6BF361EB1D8FCCB1001A4E93 /* Release */,
			);
			defaultConfigurationIsVisible = 0;
			defaultConfigurationName = Release;
		};
/* End XCConfigurationList section */
	};
	rootObject = 6BF361CA1D8FCCB1001A4E93 /* Project object */;
}
