// !$*UTF8*$!
{
	archiveVersion = 1;
	classes = {
	};
	objectVersion = 46;
	objects = {

/* Begin PBXBuildFile section */
		6B1B55B81D88E0E7008383EE /* LoginVCViewController.m in Sources */ = {isa = PBXBuildFile; fileRef = 6B1B55B61D88E0E7008383EE /* LoginVCViewController.m */; };
		6B1B55BD1D88E204008383EE /* LoginVCViewController.xib in Resources */ = {isa = PBXBuildFile; fileRef = 6B1B55BC1D88E204008383EE /* LoginVCViewController.xib */; };
		6B1B55C01D88E83E008383EE /* UIView+Appearance.m in Sources */ = {isa = PBXBuildFile; fileRef = 6B1B55BF1D88E83E008383EE /* UIView+Appearance.m */; };
		6B1B55CC1D891C8C008383EE /* HRCounting.m in Sources */ = {isa = PBXBuildFile; fileRef = 6B1B55CB1D891C8C008383EE /* HRCounting.m */; };
		6B1B55D81D891CD6008383EE /* HRTextFieldAndButtonBehavior.m in Sources */ = {isa = PBXBuildFile; fileRef = 6B1B55D51D891CD6008383EE /* HRTextFieldAndButtonBehavior.m */; };
		6B1B55D91D891CD6008383EE /* HRTextFieldBehavior.m in Sources */ = {isa = PBXBuildFile; fileRef = 6B1B55D71D891CD6008383EE /* HRTextFieldBehavior.m */; };
		6B1B55DC1D891D0C008383EE /* HRCountingButtonBehavior.m in Sources */ = {isa = PBXBuildFile; fileRef = 6B1B55DB1D891D0C008383EE /* HRCountingButtonBehavior.m */; };
		F850D5781D6A921300D0CF92 /* main.m in Sources */ = {isa = PBXBuildFile; fileRef = F850D5771D6A921300D0CF92 /* main.m */; };
		F850D57B1D6A921300D0CF92 /* AppDelegate.m in Sources */ = {isa = PBXBuildFile; fileRef = F850D57A1D6A921300D0CF92 /* AppDelegate.m */; };
		F850D57E1D6A921300D0CF92 /* ViewController.m in Sources */ = {isa = PBXBuildFile; fileRef = F850D57D1D6A921300D0CF92 /* ViewController.m */; };
		F850D5811D6A921300D0CF92 /* Main.storyboard in Resources */ = {isa = PBXBuildFile; fileRef = F850D57F1D6A921300D0CF92 /* Main.storyboard */; };
		F850D5831D6A921300D0CF92 /* Assets.xcassets in Resources */ = {isa = PBXBuildFile; fileRef = F850D5821D6A921300D0CF92 /* Assets.xcassets */; };
		F850D5861D6A921300D0CF92 /* LaunchScreen.storyboard in Resources */ = {isa = PBXBuildFile; fileRef = F850D5841D6A921300D0CF92 /* LaunchScreen.storyboard */; };
		F850D5AD1D6AAD9800D0CF92 /* LDBehavior.m in Sources */ = {isa = PBXBuildFile; fileRef = F850D5AA1D6AAD9800D0CF92 /* LDBehavior.m */; };
		F850D5AE1D6AAD9800D0CF92 /* LDImagePicker.m in Sources */ = {isa = PBXBuildFile; fileRef = F850D5AC1D6AAD9800D0CF92 /* LDImagePicker.m */; };
		F850D5B11D6AC5DF00D0CF92 /* LDAnimationView.m in Sources */ = {isa = PBXBuildFile; fileRef = F850D5B01D6AC5DF00D0CF92 /* LDAnimationView.m */; };
/* End PBXBuildFile section */

/* Begin PBXFileReference section */
		6B1B55B51D88E0E7008383EE /* LoginVCViewController.h */ = {isa = PBXFileReference; fileEncoding = 4; lastKnownFileType = sourcecode.c.h; path = LoginVCViewController.h; sourceTree = "<group>"; };
		6B1B55B61D88E0E7008383EE /* LoginVCViewController.m */ = {isa = PBXFileReference; fileEncoding = 4; lastKnownFileType = sourcecode.c.objc; path = LoginVCViewController.m; sourceTree = "<group>"; };
		6B1B55BC1D88E204008383EE /* LoginVCViewController.xib */ = {isa = PBXFileReference; fileEncoding = 4; lastKnownFileType = file.xib; path = LoginVCViewController.xib; sourceTree = "<group>"; };
		6B1B55BE1D88E83E008383EE /* UIView+Appearance.h */ = {isa = PBXFileReference; fileEncoding = 4; lastKnownFileType = sourcecode.c.h; path = "UIView+Appearance.h"; sourceTree = "<group>"; };
		6B1B55BF1D88E83E008383EE /* UIView+Appearance.m */ = {isa = PBXFileReference; fileEncoding = 4; lastKnownFileType = sourcecode.c.objc; path = "UIView+Appearance.m"; sourceTree = "<group>"; };
		6B1B55CA1D891C8C008383EE /* HRCounting.h */ = {isa = PBXFileReference; fileEncoding = 4; lastKnownFileType = sourcecode.c.h; name = HRCounting.h; path = ../HRCounting.h; sourceTree = "<group>"; };
		6B1B55CB1D891C8C008383EE /* HRCounting.m */ = {isa = PBXFileReference; fileEncoding = 4; lastKnownFileType = sourcecode.c.objc; name = HRCounting.m; path = ../HRCounting.m; sourceTree = "<group>"; };
		6B1B55D41D891CD6008383EE /* HRTextFieldAndButtonBehavior.h */ = {isa = PBXFileReference; fileEncoding = 4; lastKnownFileType = sourcecode.c.h; path = HRTextFieldAndButtonBehavior.h; sourceTree = "<group>"; };
		6B1B55D51D891CD6008383EE /* HRTextFieldAndButtonBehavior.m */ = {isa = PBXFileReference; fileEncoding = 4; lastKnownFileType = sourcecode.c.objc; path = HRTextFieldAndButtonBehavior.m; sourceTree = "<group>"; };
		6B1B55D61D891CD6008383EE /* HRTextFieldBehavior.h */ = {isa = PBXFileReference; fileEncoding = 4; lastKnownFileType = sourcecode.c.h; path = HRTextFieldBehavior.h; sourceTree = "<group>"; };
		6B1B55D71D891CD6008383EE /* HRTextFieldBehavior.m */ = {isa = PBXFileReference; fileEncoding = 4; lastKnownFileType = sourcecode.c.objc; path = HRTextFieldBehavior.m; sourceTree = "<group>"; };
		6B1B55DA1D891D0C008383EE /* HRCountingButtonBehavior.h */ = {isa = PBXFileReference; fileEncoding = 4; lastKnownFileType = sourcecode.c.h; path = HRCountingButtonBehavior.h; sourceTree = "<group>"; };
		6B1B55DB1D891D0C008383EE /* HRCountingButtonBehavior.m */ = {isa = PBXFileReference; fileEncoding = 4; lastKnownFileType = sourcecode.c.objc; path = HRCountingButtonBehavior.m; sourceTree = "<group>"; };
		F850D5731D6A921300D0CF92 /* xibObj的使用.app */ = {isa = PBXFileReference; explicitFileType = wrapper.application; includeInIndex = 0; path = "xibObj的使用.app"; sourceTree = BUILT_PRODUCTS_DIR; };
		F850D5771D6A921300D0CF92 /* main.m */ = {isa = PBXFileReference; lastKnownFileType = sourcecode.c.objc; path = main.m; sourceTree = "<group>"; };
		F850D5791D6A921300D0CF92 /* AppDelegate.h */ = {isa = PBXFileReference; lastKnownFileType = sourcecode.c.h; path = AppDelegate.h; sourceTree = "<group>"; };
		F850D57A1D6A921300D0CF92 /* AppDelegate.m */ = {isa = PBXFileReference; lastKnownFileType = sourcecode.c.objc; path = AppDelegate.m; sourceTree = "<group>"; };
		F850D57C1D6A921300D0CF92 /* ViewController.h */ = {isa = PBXFileReference; lastKnownFileType = sourcecode.c.h; path = ViewController.h; sourceTree = "<group>"; };
		F850D57D1D6A921300D0CF92 /* ViewController.m */ = {isa = PBXFileReference; lastKnownFileType = sourcecode.c.objc; path = ViewController.m; sourceTree = "<group>"; };
		F850D5801D6A921300D0CF92 /* Base */ = {isa = PBXFileReference; lastKnownFileType = file.storyboard; name = Base; path = Base.lproj/Main.storyboard; sourceTree = "<group>"; };
		F850D5821D6A921300D0CF92 /* Assets.xcassets */ = {isa = PBXFileReference; lastKnownFileType = folder.assetcatalog; path = Assets.xcassets; sourceTree = "<group>"; };
		F850D5851D6A921300D0CF92 /* Base */ = {isa = PBXFileReference; lastKnownFileType = file.storyboard; name = Base; path = Base.lproj/LaunchScreen.storyboard; sourceTree = "<group>"; };
		F850D5871D6A921300D0CF92 /* Info.plist */ = {isa = PBXFileReference; lastKnownFileType = text.plist.xml; path = Info.plist; sourceTree = "<group>"; };
		F850D5A91D6AAD9800D0CF92 /* LDBehavior.h */ = {isa = PBXFileReference; fileEncoding = 4; lastKnownFileType = sourcecode.c.h; path = LDBehavior.h; sourceTree = "<group>"; };
		F850D5AA1D6AAD9800D0CF92 /* LDBehavior.m */ = {isa = PBXFileReference; fileEncoding = 4; lastKnownFileType = sourcecode.c.objc; path = LDBehavior.m; sourceTree = "<group>"; };
		F850D5AB1D6AAD9800D0CF92 /* LDImagePicker.h */ = {isa = PBXFileReference; fileEncoding = 4; lastKnownFileType = sourcecode.c.h; path = LDImagePicker.h; sourceTree = "<group>"; };
		F850D5AC1D6AAD9800D0CF92 /* LDImagePicker.m */ = {isa = PBXFileReference; fileEncoding = 4; lastKnownFileType = sourcecode.c.objc; path = LDImagePicker.m; sourceTree = "<group>"; };
		F850D5AF1D6AC5DF00D0CF92 /* LDAnimationView.h */ = {isa = PBXFileReference; fileEncoding = 4; lastKnownFileType = sourcecode.c.h; path = LDAnimationView.h; sourceTree = "<group>"; };
		F850D5B01D6AC5DF00D0CF92 /* LDAnimationView.m */ = {isa = PBXFileReference; fileEncoding = 4; lastKnownFileType = sourcecode.c.objc; path = LDAnimationView.m; sourceTree = "<group>"; };
/* End PBXFileReference section */

/* Begin PBXFrameworksBuildPhase section */
		F850D5701D6A921300D0CF92 /* Frameworks */ = {
			isa = PBXFrameworksBuildPhase;
			buildActionMask = 2147483647;
			files = (
			);
			runOnlyForDeploymentPostprocessing = 0;
		};
/* End PBXFrameworksBuildPhase section */

/* Begin PBXGroup section */
		F850D56A1D6A921300D0CF92 = {
			isa = PBXGroup;
			children = (
				F850D5751D6A921300D0CF92 /* xibObj的使用 */,
				F850D5741D6A921300D0CF92 /* Products */,
			);
			sourceTree = "<group>";
		};
		F850D5741D6A921300D0CF92 /* Products */ = {
			isa = PBXGroup;
			children = (
				F850D5731D6A921300D0CF92 /* xibObj的使用.app */,
			);
			name = Products;
			sourceTree = "<group>";
		};
		F850D5751D6A921300D0CF92 /* xibObj的使用 */ = {
			isa = PBXGroup;
			children = (
				6B1B55BE1D88E83E008383EE /* UIView+Appearance.h */,
				6B1B55BF1D88E83E008383EE /* UIView+Appearance.m */,
				F850D5A81D6AAD9800D0CF92 /* Behavior */,
				F850D5791D6A921300D0CF92 /* AppDelegate.h */,
				F850D57A1D6A921300D0CF92 /* AppDelegate.m */,
				F850D57C1D6A921300D0CF92 /* ViewController.h */,
				F850D57D1D6A921300D0CF92 /* ViewController.m */,
				6B1B55B51D88E0E7008383EE /* LoginVCViewController.h */,
				6B1B55B61D88E0E7008383EE /* LoginVCViewController.m */,
				6B1B55BC1D88E204008383EE /* LoginVCViewController.xib */,
				F850D57F1D6A921300D0CF92 /* Main.storyboard */,
				F850D5821D6A921300D0CF92 /* Assets.xcassets */,
				F850D5841D6A921300D0CF92 /* LaunchScreen.storyboard */,
				F850D5871D6A921300D0CF92 /* Info.plist */,
				F850D5761D6A921300D0CF92 /* Supporting Files */,
			);
			path = "xibObj的使用";
			sourceTree = "<group>";
		};
		F850D5761D6A921300D0CF92 /* Supporting Files */ = {
			isa = PBXGroup;
			children = (
				F850D5771D6A921300D0CF92 /* main.m */,
			);
			name = "Supporting Files";
			sourceTree = "<group>";
		};
		F850D5A81D6AAD9800D0CF92 /* Behavior */ = {
			isa = PBXGroup;
			children = (
				F850D5A91D6AAD9800D0CF92 /* LDBehavior.h */,
				F850D5AA1D6AAD9800D0CF92 /* LDBehavior.m */,
				F850D5AB1D6AAD9800D0CF92 /* LDImagePicker.h */,
				F850D5AC1D6AAD9800D0CF92 /* LDImagePicker.m */,
				F850D5AF1D6AC5DF00D0CF92 /* LDAnimationView.h */,
				F850D5B01D6AC5DF00D0CF92 /* LDAnimationView.m */,
				6B1B55D61D891CD6008383EE /* HRTextFieldBehavior.h */,
				6B1B55D71D891CD6008383EE /* HRTextFieldBehavior.m */,
				6B1B55D41D891CD6008383EE /* HRTextFieldAndButtonBehavior.h */,
				6B1B55D51D891CD6008383EE /* HRTextFieldAndButtonBehavior.m */,
				6B1B55DA1D891D0C008383EE /* HRCountingButtonBehavior.h */,
				6B1B55DB1D891D0C008383EE /* HRCountingButtonBehavior.m */,
				6B1B55CA1D891C8C008383EE /* HRCounting.h */,
				6B1B55CB1D891C8C008383EE /* HRCounting.m */,
			);
			path = Behavior;
			sourceTree = "<group>";
		};
/* End PBXGroup section */

/* Begin PBXNativeTarget section */
		F850D5721D6A921300D0CF92 /* xibObj的使用 */ = {
			isa = PBXNativeTarget;
			buildConfigurationList = F850D58A1D6A921300D0CF92 /* Build configuration list for PBXNativeTarget "xibObj的使用" */;
			buildPhases = (
				F850D56F1D6A921300D0CF92 /* Sources */,
				F850D5701D6A921300D0CF92 /* Frameworks */,
				F850D5711D6A921300D0CF92 /* Resources */,
			);
			buildRules = (
			);
			dependencies = (
			);
			name = "xibObj的使用";
			productName = "xibObj的使用";
			productReference = F850D5731D6A921300D0CF92 /* xibObj的使用.app */;
			productType = "com.apple.product-type.application";
		};
/* End PBXNativeTarget section */

/* Begin PBXProject section */
		F850D56B1D6A921300D0CF92 /* Project object */ = {
			isa = PBXProject;
			attributes = {
				LastUpgradeCheck = 0730;
				ORGANIZATIONNAME = ld;
				TargetAttributes = {
					F850D5721D6A921300D0CF92 = {
						CreatedOnToolsVersion = 7.3;
						DevelopmentTeam = LCYGMG7PBG;
					};
				};
			};
			buildConfigurationList = F850D56E1D6A921300D0CF92 /* Build configuration list for PBXProject "xibObj的使用" */;
			compatibilityVersion = "Xcode 3.2";
			developmentRegion = English;
			hasScannedForEncodings = 0;
			knownRegions = (
				en,
				Base,
			);
			mainGroup = F850D56A1D6A921300D0CF92;
			productRefGroup = F850D5741D6A921300D0CF92 /* Products */;
			projectDirPath = "";
			projectRoot = "";
			targets = (
				F850D5721D6A921300D0CF92 /* xibObj的使用 */,
			);
		};
/* End PBXProject section */

/* Begin PBXResourcesBuildPhase section */
		F850D5711D6A921300D0CF92 /* Resources */ = {
			isa = PBXResourcesBuildPhase;
			buildActionMask = 2147483647;
			files = (
				F850D5861D6A921300D0CF92 /* LaunchScreen.storyboard in Resources */,
				6B1B55BD1D88E204008383EE /* LoginVCViewController.xib in Resources */,
				F850D5831D6A921300D0CF92 /* Assets.xcassets in Resources */,
				F850D5811D6A921300D0CF92 /* Main.storyboard in Resources */,
			);
			runOnlyForDeploymentPostprocessing = 0;
		};
/* End PBXResourcesBuildPhase section */

/* Begin PBXSourcesBuildPhase section */
		F850D56F1D6A921300D0CF92 /* Sources */ = {
			isa = PBXSourcesBuildPhase;
			buildActionMask = 2147483647;
			files = (
				F850D57E1D6A921300D0CF92 /* ViewController.m in Sources */,
				6B1B55D91D891CD6008383EE /* HRTextFieldBehavior.m in Sources */,
				F850D5AE1D6AAD9800D0CF92 /* LDImagePicker.m in Sources */,
				6B1B55C01D88E83E008383EE /* UIView+Appearance.m in Sources */,
				F850D57B1D6A921300D0CF92 /* AppDelegate.m in Sources */,
				6B1B55B81D88E0E7008383EE /* LoginVCViewController.m in Sources */,
				6B1B55CC1D891C8C008383EE /* HRCounting.m in Sources */,
				6B1B55D81D891CD6008383EE /* HRTextFieldAndButtonBehavior.m in Sources */,
				F850D5781D6A921300D0CF92 /* main.m in Sources */,
				F850D5AD1D6AAD9800D0CF92 /* LDBehavior.m in Sources */,
				F850D5B11D6AC5DF00D0CF92 /* LDAnimationView.m in Sources */,
				6B1B55DC1D891D0C008383EE /* HRCountingButtonBehavior.m in Sources */,
			);
			runOnlyForDeploymentPostprocessing = 0;
		};
/* End PBXSourcesBuildPhase section */

/* Begin PBXVariantGroup section */
		F850D57F1D6A921300D0CF92 /* Main.storyboard */ = {
			isa = PBXVariantGroup;
			children = (
				F850D5801D6A921300D0CF92 /* Base */,
			);
			name = Main.storyboard;
			sourceTree = "<group>";
		};
		F850D5841D6A921300D0CF92 /* LaunchScreen.storyboard */ = {
			isa = PBXVariantGroup;
			children = (
				F850D5851D6A921300D0CF92 /* Base */,
			);
			name = LaunchScreen.storyboard;
			sourceTree = "<group>";
		};
/* End PBXVariantGroup section */

/* Begin XCBuildConfiguration section */
		F850D5881D6A921300D0CF92 /* Debug */ = {
			isa = XCBuildConfiguration;
			buildSettings = {
				ALWAYS_SEARCH_USER_PATHS = NO;
				CLANG_ANALYZER_NONNULL = YES;
				CLANG_CXX_LANGUAGE_STANDARD = "gnu++0x";
				CLANG_CXX_LIBRARY = "libc++";
				CLANG_ENABLE_MODULES = YES;
				CLANG_ENABLE_OBJC_ARC = YES;
				CLANG_WARN_BOOL_CONVERSION = YES;
				CLANG_WARN_CONSTANT_CONVERSION = YES;
				CLANG_WARN_DIRECT_OBJC_ISA_USAGE = YES_ERROR;
				CLANG_WARN_EMPTY_BODY = YES;
				CLANG_WARN_ENUM_CONVERSION = YES;
				CLANG_WARN_INT_CONVERSION = YES;
				CLANG_WARN_OBJC_ROOT_CLASS = YES_ERROR;
				CLANG_WARN_UNREACHABLE_CODE = YES;
				CLANG_WARN__DUPLICATE_METHOD_MATCH = YES;
				"CODE_SIGN_IDENTITY[sdk=iphoneos*]" = "iPhone Developer";
				COPY_PHASE_STRIP = NO;
				DEBUG_INFORMATION_FORMAT = dwarf;
				ENABLE_STRICT_OBJC_MSGSEND = YES;
				ENABLE_TESTABILITY = YES;
				GCC_C_LANGUAGE_STANDARD = gnu99;
				GCC_DYNAMIC_NO_PIC = NO;
				GCC_NO_COMMON_BLOCKS = YES;
				GCC_OPTIMIZATION_LEVEL = 0;
				GCC_PREPROCESSOR_DEFINITIONS = (
					"DEBUG=1",
					"$(inherited)",
				);
				GCC_WARN_64_TO_32_BIT_CONVERSION = YES;
				GCC_WARN_ABOUT_RETURN_TYPE = YES_ERROR;
				GCC_WARN_UNDECLARED_SELECTOR = YES;
				GCC_WARN_UNINITIALIZED_AUTOS = YES_AGGRESSIVE;
				GCC_WARN_UNUSED_FUNCTION = YES;
				GCC_WARN_UNUSED_VARIABLE = YES;
				IPHONEOS_DEPLOYMENT_TARGET = 9.3;
				MTL_ENABLE_DEBUG_INFO = YES;
				ONLY_ACTIVE_ARCH = YES;
				SDKROOT = iphoneos;
				TARGETED_DEVICE_FAMILY = "1,2";
			};
			name = Debug;
		};
		F850D5891D6A921300D0CF92 /* Release */ = {
			isa = XCBuildConfiguration;
			buildSettings = {
				ALWAYS_SEARCH_USER_PATHS = NO;
				CLANG_ANALYZER_NONNULL = YES;
				CLANG_CXX_LANGUAGE_STANDARD = "gnu++0x";
				CLANG_CXX_LIBRARY = "libc++";
				CLANG_ENABLE_MODULES = YES;
				CLANG_ENABLE_OBJC_ARC = YES;
				CLANG_WARN_BOOL_CONVERSION = YES;
				CLANG_WARN_CONSTANT_CONVERSION = YES;
				CLANG_WARN_DIRECT_OBJC_ISA_USAGE = YES_ERROR;
				CLANG_WARN_EMPTY_BODY = YES;
				CLANG_WARN_ENUM_CONVERSION = YES;
				CLANG_WARN_INT_CONVERSION = YES;
				CLANG_WARN_OBJC_ROOT_CLASS = YES_ERROR;
				CLANG_WARN_UNREACHABLE_CODE = YES;
				CLANG_WARN__DUPLICATE_METHOD_MATCH = YES;
				"CODE_SIGN_IDENTITY[sdk=iphoneos*]" = "iPhone Developer";
				COPY_PHASE_STRIP = NO;
				DEBUG_INFORMATION_FORMAT = "dwarf-with-dsym";
				ENABLE_NS_ASSERTIONS = NO;
				ENABLE_STRICT_OBJC_MSGSEND = YES;
				GCC_C_LANGUAGE_STANDARD = gnu99;
				GCC_NO_COMMON_BLOCKS = YES;
				GCC_WARN_64_TO_32_BIT_CONVERSION = YES;
				GCC_WARN_ABOUT_RETURN_TYPE = YES_ERROR;
				GCC_WARN_UNDECLARED_SELECTOR = YES;
				GCC_WARN_UNINITIALIZED_AUTOS = YES_AGGRESSIVE;
				GCC_WARN_UNUSED_FUNCTION = YES;
				GCC_WARN_UNUSED_VARIABLE = YES;
				IPHONEOS_DEPLOYMENT_TARGET = 9.3;
				MTL_ENABLE_DEBUG_INFO = NO;
				SDKROOT = iphoneos;
				TARGETED_DEVICE_FAMILY = "1,2";
				VALIDATE_PRODUCT = YES;
			};
			name = Release;
		};
		F850D58B1D6A921300D0CF92 /* Debug */ = {
			isa = XCBuildConfiguration;
			buildSettings = {
				ASSETCATALOG_COMPILER_APPICON_NAME = AppIcon;
				CODE_SIGN_IDENTITY = "iPhone Developer";
				"CODE_SIGN_IDENTITY[sdk=iphoneos*]" = "iPhone Developer";
				INFOPLIST_FILE = "xibObj的使用/Info.plist";
				IPHONEOS_DEPLOYMENT_TARGET = 8.2;
				LD_RUNPATH_SEARCH_PATHS = "$(inherited) @executable_path/Frameworks";
				PRODUCT_BUNDLE_IDENTIFIER = "com.ld.RCIM.xibObj---";
				PRODUCT_NAME = "$(TARGET_NAME)";
				PROVISIONING_PROFILE = "";
			};
			name = Debug;
		};
		F850D58C1D6A921300D0CF92 /* Release */ = {
			isa = XCBuildConfiguration;
			buildSettings = {
				ASSETCATALOG_COMPILER_APPICON_NAME = AppIcon;
				CODE_SIGN_IDENTITY = "iPhone Developer";
				"CODE_SIGN_IDENTITY[sdk=iphoneos*]" = "iPhone Developer";
				INFOPLIST_FILE = "xibObj的使用/Info.plist";
				IPHONEOS_DEPLOYMENT_TARGET = 8.2;
				LD_RUNPATH_SEARCH_PATHS = "$(inherited) @executable_path/Frameworks";
				PRODUCT_BUNDLE_IDENTIFIER = "com.ld.RCIM.xibObj---";
				PRODUCT_NAME = "$(TARGET_NAME)";
				PROVISIONING_PROFILE = "";
			};
			name = Release;
		};
/* End XCBuildConfiguration section */

/* Begin XCConfigurationList section */
		F850D56E1D6A921300D0CF92 /* Build configuration list for PBXProject "xibObj的使用" */ = {
			isa = XCConfigurationList;
			buildConfigurations = (
				F850D5881D6A921300D0CF92 /* Debug */,
				F850D5891D6A921300D0CF92 /* Release */,
			);
			defaultConfigurationIsVisible = 0;
			defaultConfigurationName = Release;
		};
		F850D58A1D6A921300D0CF92 /* Build configuration list for PBXNativeTarget "xibObj的使用" */ = {
			isa = XCConfigurationList;
			buildConfigurations = (
				F850D58B1D6A921300D0CF92 /* Debug */,
				F850D58C1D6A921300D0CF92 /* Release */,
			);
			defaultConfigurationIsVisible = 0;
			defaultConfigurationName = Release;
		};
/* End XCConfigurationList section */
	};
	rootObject = F850D56B1D6A921300D0CF92 /* Project object */;
}
